// !$*UTF8*$!
{
	archiveVersion = 1;
	classes = {
	};
	objectVersion = 46;
	objects = {

/* Begin PBXBuildFile section */
		018D855C1D1B1D94002B1033 /* AppDelegate.swift in Sources */ = {isa = PBXBuildFile; fileRef = 018D855B1D1B1D94002B1033 /* AppDelegate.swift */; };
		018D855E1D1B1D94002B1033 /* ViewController.swift in Sources */ = {isa = PBXBuildFile; fileRef = 018D855D1D1B1D94002B1033 /* ViewController.swift */; };
		018D85611D1B1D94002B1033 /* Main.storyboard in Resources */ = {isa = PBXBuildFile; fileRef = 018D855F1D1B1D94002B1033 /* Main.storyboard */; };
		018D85631D1B1D94002B1033 /* Assets.xcassets in Resources */ = {isa = PBXBuildFile; fileRef = 018D85621D1B1D94002B1033 /* Assets.xcassets */; };
		018D85661D1B1D94002B1033 /* LaunchScreen.storyboard in Resources */ = {isa = PBXBuildFile; fileRef = 018D85641D1B1D94002B1033 /* LaunchScreen.storyboard */; };
/* End PBXBuildFile section */

/* Begin PBXFileReference section */
		018D85581D1B1D94002B1033 /* Lecture #2A.app */ = {isa = PBXFileReference; explicitFileType = wrapper.application; includeInIndex = 0; path = "Lecture #2A.app"; sourceTree = BUILT_PRODUCTS_DIR; };
		018D855B1D1B1D94002B1033 /* AppDelegate.swift */ = {isa = PBXFileReference; lastKnownFileType = sourcecode.swift; path = AppDelegate.swift; sourceTree = "<group>"; };
		018D855D1D1B1D94002B1033 /* ViewController.swift */ = {isa = PBXFileReference; lastKnownFileType = sourcecode.swift; path = ViewController.swift; sourceTree = "<group>"; };
		018D85601D1B1D94002B1033 /* Base */ = {isa = PBXFileReference; lastKnownFileType = file.storyboard; name = Base; path = Base.lproj/Main.storyboard; sourceTree = "<group>"; };
		018D85621D1B1D94002B1033 /* Assets.xcassets */ = {isa = PBXFileReference; lastKnownFileType = folder.assetcatalog; path = Assets.xcassets; sourceTree = "<group>"; };
		018D85651D1B1D94002B1033 /* Base */ = {isa = PBXFileReference; lastKnownFileType = file.storyboard; name = Base; path = Base.lproj/LaunchScreen.storyboard; sourceTree = "<group>"; };
		018D85671D1B1D94002B1033 /* Info.plist */ = {isa = PBXFileReference; lastKnownFileType = text.plist.xml; path = Info.plist; sourceTree = "<group>"; };
/* End PBXFileReference section */

/* Begin PBXFrameworksBuildPhase section */
		018D85551D1B1D94002B1033 /* Frameworks */ = {
			isa = PBXFrameworksBuildPhase;
			buildActionMask = 2147483647;
			files = (
			);
			runOnlyForDeploymentPostprocessing = 0;
		};
/* End PBXFrameworksBuildPhase section */

/* Begin PBXGroup section */
		018D854F1D1B1D94002B1033 = {
			isa = PBXGroup;
			children = (
				018D855A1D1B1D94002B1033 /* Lecture #2A */,
				018D85591D1B1D94002B1033 /* Products */,
			);
			sourceTree = "<group>";
		};
		018D85591D1B1D94002B1033 /* Products */ = {
			isa = PBXGroup;
			children = (
				018D85581D1B1D94002B1033 /* Lecture #2A.app */,
			);
			name = Products;
			sourceTree = "<group>";
		};
		018D855A1D1B1D94002B1033 /* Lecture #2A */ = {
			isa = PBXGroup;
			children = (
				018D855B1D1B1D94002B1033 /* AppDelegate.swift */,
				018D855D1D1B1D94002B1033 /* ViewController.swift */,
				018D855F1D1B1D94002B1033 /* Main.storyboard */,
				018D85621D1B1D94002B1033 /* Assets.xcassets */,
				018D85641D1B1D94002B1033 /* LaunchScreen.storyboard */,
				018D85671D1B1D94002B1033 /* Info.plist */,
			);
			path = "Lecture #2A";
			sourceTree = "<group>";
		};
/* End PBXGroup section */

/* Begin PBXNativeTarget section */
		018D85571D1B1D94002B1033 /* Lecture #2A */ = {
			isa = PBXNativeTarget;
			buildConfigurationList = 018D856A1D1B1D94002B1033 /* Build configuration list for PBXNativeTarget "Lecture #2A" */;
			buildPhases = (
				018D85541D1B1D94002B1033 /* Sources */,
				018D85551D1B1D94002B1033 /* Frameworks */,
				018D85561D1B1D94002B1033 /* Resources */,
			);
			buildRules = (
			);
			dependencies = (
			);
			name = "Lecture #2A";
			productName = "Lecture #2A";
			productReference = 018D85581D1B1D94002B1033 /* Lecture #2A.app */;
			productType = "com.apple.product-type.application";
		};
/* End PBXNativeTarget section */

/* Begin PBXProject section */
		018D85501D1B1D94002B1033 /* Project object */ = {
			isa = PBXProject;
			attributes = {
				LastSwiftUpdateCheck = 0730;
				LastUpgradeCheck = 0730;
				ORGANIZATIONNAME = "Trident Advisors";
				TargetAttributes = {
					018D85571D1B1D94002B1033 = {
						CreatedOnToolsVersion = 7.3.1;
					};
				};
			};
			buildConfigurationList = 018D85531D1B1D94002B1033 /* Build configuration list for PBXProject "Lecture #2A" */;
			compatibilityVersion = "Xcode 3.2";
			developmentRegion = English;
			hasScannedForEncodings = 0;
			knownRegions = (
				en,
				Base,
			);
			mainGroup = 018D854F1D1B1D94002B1033;
			productRefGroup = 018D85591D1B1D94002B1033 /* Products */;
			projectDirPath = "";
			projectRoot = "";
			targets = (
				018D85571D1B1D94002B1033 /* Lecture #2A */,
			);
		};
/* End PBXProject section */

/* Begin PBXResourcesBuildPhase section */
		018D85561D1B1D94002B1033 /* Resources */ = {
			isa = PBXResourcesBuildPhase;
			buildActionMask = 2147483647;
			files = (
				018D85661D1B1D94002B1033 /* LaunchScreen.storyboard in Resources */,
				018D85631D1B1D94002B1033 /* Assets.xcassets in Resources */,
				018D85611D1B1D94002B1033 /* Main.storyboard in Resources */,
			);
			runOnlyForDeploymentPostprocessing = 0;
		};
/* End PBXResourcesBuildPhase section */

/* Begin PBXSourcesBuildPhase section */
		018D85541D1B1D94002B1033 /* Sources */ = {
			isa = PBXSourcesBuildPhase;
			buildActionMask = 2147483647;
			files = (
				018D855E1D1B1D94002B1033 /* ViewController.swift in Sources */,
				018D855C1D1B1D94002B1033 /* AppDelegate.swift in Sources */,
			);
			runOnlyForDeploymentPostprocessing = 0;
		};
/* End PBXSourcesBuildPhase section */

/* Begin PBXVariantGroup section */
		018D855F1D1B1D94002B1033 /* Main.storyboard */ = {
			isa = PBXVariantGroup;
			children = (
				018D85601D1B1D94002B1033 /* Base */,
			);
			name = Main.storyboard;
			sourceTree = "<group>";
		};
		018D85641D1B1D94002B1033 /* LaunchScreen.storyboard */ = {
			isa = PBXVariantGroup;
			children = (
				018D85651D1B1D94002B1033 /* Base */,
			);
			name = LaunchScreen.storyboard;
			sourceTree = "<group>";
		};
/* End PBXVariantGroup section */

/* Begin XCBuildConfiguration section */
		018D85681D1B1D94002B1033 /* Debug */ = {
			isa = XCBuildConfiguration;
			buildSettings = {
				ALWAYS_SEARCH_USER_PATHS = NO;
				CLANG_ANALYZER_NONNULL = YES;
				CLANG_CXX_LANGUAGE_STANDARD = "gnu++0x";
				CLANG_CXX_LIBRARY = "libc++";
				CLANG_ENABLE_MODULES = YES;
				CLANG_ENABLE_OBJC_ARC = YES;
				CLANG_WARN_BOOL_CONVERSION = YES;
				CLANG_WARN_CONSTANT_CONVERSION = YES;
				CLANG_WARN_DIRECT_OBJC_ISA_USAGE = YES_ERROR;
				CLANG_WARN_EMPTY_BODY = YES;
				CLANG_WARN_ENUM_CONVERSION = YES;
				CLANG_WARN_INT_CONVERSION = YES;
				CLANG_WARN_OBJC_ROOT_CLASS = YES_ERROR;
				CLANG_WARN_UNREACHABLE_CODE = YES;
				CLANG_WARN__DUPLICATE_METHOD_MATCH = YES;
				"CODE_SIGN_IDENTITY[sdk=iphoneos*]" = "iPhone Developer";
				COPY_PHASE_STRIP = NO;
				DEBUG_INFORMATION_FORMAT = dwarf;
				ENABLE_STRICT_OBJC_MSGSEND = YES;
				ENABLE_TESTABILITY = YES;
				GCC_C_LANGUAGE_STANDARD = gnu99;
				GCC_DYNAMIC_NO_PIC = NO;
				GCC_NO_COMMON_BLOCKS = YES;
				GCC_OPTIMIZATION_LEVEL = 0;
				GCC_PREPROCESSOR_DEFINITIONS = (
					"DEBUG=1",
					"$(inherited)",
				);
				GCC_WARN_64_TO_32_BIT_CONVERSION = YES;
				GCC_WARN_ABOUT_RETURN_TYPE = YES_ERROR;
				GCC_WARN_UNDECLARED_SELECTOR = YES;
				GCC_WARN_UNINITIALIZED_AUTOS = YES_AGGRESSIVE;
				GCC_WARN_UNUSED_FUNCTION = YES;
				GCC_WARN_UNUSED_VARIABLE = YES;
				IPHONEOS_DEPLOYMENT_TARGET = 9.3;
				MTL_ENABLE_DEBUG_INFO = YES;
				ONLY_ACTIVE_ARCH = YES;
				SDKROOT = iphoneos;
				SWIFT_OPTIMIZATION_LEVEL = "-Onone";
				TARGETED_DEVICE_FAMILY = "1,2";
			};
			name = Debug;
		};
		018D85691D1B1D94002B1033 /* Release */ = {
			isa = XCBuildConfiguration;
			buildSettings = {
				ALWAYS_SEARCH_USER_PATHS = NO;
				CLANG_ANALYZER_NONNULL = YES;
				CLANG_CXX_LANGUAGE_STANDARD = "gnu++0x";
				CLANG_CXX_LIBRARY = "libc++";
				CLANG_ENABLE_MODULES = YES;
				CLANG_ENABLE_OBJC_ARC = YES;
				CLANG_WARN_BOOL_CONVERSION = YES;
				CLANG_WARN_CONSTANT_CONVERSION = YES;
				CLANG_WARN_DIRECT_OBJC_ISA_USAGE = YES_ERROR;
				CLANG_WARN_EMPTY_BODY = YES;
				CLANG_WARN_ENUM_CONVERSION = YES;
				CLANG_WARN_INT_CONVERSION = YES;
				CLANG_WARN_OBJC_ROOT_CLASS = YES_ERROR;
				CLANG_WARN_UNREACHABLE_CODE = YES;
				CLANG_WARN__DUPLICATE_METHOD_MATCH = YES;
				"CODE_SIGN_IDENTITY[sdk=iphoneos*]" = "iPhone Developer";
				COPY_PHASE_STRIP = NO;
				DEBUG_INFORMATION_FORMAT = "dwarf-with-dsym";
				ENABLE_NS_ASSERTIONS = NO;
				ENABLE_STRICT_OBJC_MSGSEND = YES;
				GCC_C_LANGUAGE_STANDARD = gnu99;
				GCC_NO_COMMON_BLOCKS = YES;
				GCC_WARN_64_TO_32_BIT_CONVERSION = YES;
				GCC_WARN_ABOUT_RETURN_TYPE = YES_ERROR;
				GCC_WARN_UNDECLARED_SELECTOR = YES;
				GCC_WARN_UNINITIALIZED_AUTOS = YES_AGGRESSIVE;
				GCC_WARN_UNUSED_FUNCTION = YES;
				GCC_WARN_UNUSED_VARIABLE = YES;
				IPHONEOS_DEPLOYMENT_TARGET = 9.3;
				MTL_ENABLE_DEBUG_INFO = NO;
				SDKROOT = iphoneos;
				TARGETED_DEVICE_FAMILY = "1,2";
				VALIDATE_PRODUCT = YES;
			};
			name = Release;
		};
		018D856B1D1B1D94002B1033 /* Debug */ = {
			isa = XCBuildConfiguration;
			buildSettings = {
				ASSETCATALOG_COMPILER_APPICON_NAME = AppIcon;
				INFOPLIST_FILE = "Lecture #2A/Info.plist";
				LD_RUNPATH_SEARCH_PATHS = "$(inherited) @executable_path/Frameworks";
				PRODUCT_BUNDLE_IDENTIFIER = "com.finenibs.Lecture--2A";
				PRODUCT_NAME = "$(TARGET_NAME)";
			};
			name = Debug;
		};
		018D856C1D1B1D94002B1033 /* Release */ = {
			isa = XCBuildConfiguration;
			buildSettings = {
				ASSETCATALOG_COMPILER_APPICON_NAME = AppIcon;
				INFOPLIST_FILE = "Lecture #2A/Info.plist";
				LD_RUNPATH_SEARCH_PATHS = "$(inherited) @executable_path/Frameworks";
				PRODUCT_BUNDLE_IDENTIFIER = "com.finenibs.Lecture--2A";
				PRODUCT_NAME = "$(TARGET_NAME)";
			};
			name = Release;
		};
/* End XCBuildConfiguration section */

/* Begin XCConfigurationList section */
		018D85531D1B1D94002B1033 /* Build configuration list for PBXProject "Lecture #2A" */ = {
			isa = XCConfigurationList;
			buildConfigurations = (
				018D85681D1B1D94002B1033 /* Debug */,
				018D85691D1B1D94002B1033 /* Release */,
			);
			defaultConfigurationIsVisible = 0;
			defaultConfigurationName = Release;
		};
		018D856A1D1B1D94002B1033 /* Build configuration list for PBXNativeTarget "Lecture #2A" */ = {
			isa = XCConfigurationList;
			buildConfigurations = (
				018D856B1D1B1D94002B1033 /* Debug */,
				018D856C1D1B1D94002B1033 /* Release */,
			);
			defaultConfigurationIsVisible = 0;
		};
/* End XCConfigurationList section */
	};
	rootObject = 018D85501D1B1D94002B1033 /* Project object */;
}
