// !$*UTF8*$!
{
	archiveVersion = 1;
	classes = {
	};
	objectVersion = 46;
	objects = {

/* Begin PBXBuildFile section */
		FB75B6441D2B301100D0B047 /* AppDelegate.swift in Sources */ = {isa = PBXBuildFile; fileRef = FB75B6431D2B301100D0B047 /* AppDelegate.swift */; };
		FB75B6461D2B301100D0B047 /* ViewController.swift in Sources */ = {isa = PBXBuildFile; fileRef = FB75B6451D2B301100D0B047 /* ViewController.swift */; };
		FB75B6491D2B301100D0B047 /* Main.storyboard in Resources */ = {isa = PBXBuildFile; fileRef = FB75B6471D2B301100D0B047 /* Main.storyboard */; };
		FB75B64B1D2B301100D0B047 /* Assets.xcassets in Resources */ = {isa = PBXBuildFile; fileRef = FB75B64A1D2B301100D0B047 /* Assets.xcassets */; };
		FB75B64E1D2B301100D0B047 /* LaunchScreen.storyboard in Resources */ = {isa = PBXBuildFile; fileRef = FB75B64C1D2B301100D0B047 /* LaunchScreen.storyboard */; };
		FB75B6561D2B303300D0B047 /* XButton.swift in Sources */ = {isa = PBXBuildFile; fileRef = FB75B6551D2B303300D0B047 /* XButton.swift */; };
		FB75B6581D2BF66E00D0B047 /* DrawView.swift in Sources */ = {isa = PBXBuildFile; fileRef = FB75B6571D2BF66E00D0B047 /* DrawView.swift */; };
		FB75B65C1D2C515900D0B047 /* TShirtView.swift in Sources */ = {isa = PBXBuildFile; fileRef = FB75B65B1D2C515900D0B047 /* TShirtView.swift */; };
		FB75B65E1D2C566C00D0B047 /* GradientView.swift in Sources */ = {isa = PBXBuildFile; fileRef = FB75B65D1D2C566C00D0B047 /* GradientView.swift */; };
/* End PBXBuildFile section */

/* Begin PBXFileReference section */
		FB75B6401D2B301100D0B047 /* Lecture5.app */ = {isa = PBXFileReference; explicitFileType = wrapper.application; includeInIndex = 0; path = Lecture5.app; sourceTree = BUILT_PRODUCTS_DIR; };
		FB75B6431D2B301100D0B047 /* AppDelegate.swift */ = {isa = PBXFileReference; lastKnownFileType = sourcecode.swift; path = AppDelegate.swift; sourceTree = "<group>"; };
		FB75B6451D2B301100D0B047 /* ViewController.swift */ = {isa = PBXFileReference; lastKnownFileType = sourcecode.swift; path = ViewController.swift; sourceTree = "<group>"; };
		FB75B6481D2B301100D0B047 /* Base */ = {isa = PBXFileReference; lastKnownFileType = file.storyboard; name = Base; path = Base.lproj/Main.storyboard; sourceTree = "<group>"; };
		FB75B64A1D2B301100D0B047 /* Assets.xcassets */ = {isa = PBXFileReference; lastKnownFileType = folder.assetcatalog; path = Assets.xcassets; sourceTree = "<group>"; };
		FB75B64D1D2B301100D0B047 /* Base */ = {isa = PBXFileReference; lastKnownFileType = file.storyboard; name = Base; path = Base.lproj/LaunchScreen.storyboard; sourceTree = "<group>"; };
		FB75B64F1D2B301100D0B047 /* Info.plist */ = {isa = PBXFileReference; lastKnownFileType = text.plist.xml; path = Info.plist; sourceTree = "<group>"; };
		FB75B6551D2B303300D0B047 /* XButton.swift */ = {isa = PBXFileReference; fileEncoding = 4; lastKnownFileType = sourcecode.swift; path = XButton.swift; sourceTree = "<group>"; };
		FB75B6571D2BF66E00D0B047 /* DrawView.swift */ = {isa = PBXFileReference; fileEncoding = 4; lastKnownFileType = sourcecode.swift; path = DrawView.swift; sourceTree = "<group>"; };
		FB75B65B1D2C515900D0B047 /* TShirtView.swift */ = {isa = PBXFileReference; fileEncoding = 4; lastKnownFileType = sourcecode.swift; path = TShirtView.swift; sourceTree = "<group>"; };
		FB75B65D1D2C566C00D0B047 /* GradientView.swift */ = {isa = PBXFileReference; fileEncoding = 4; lastKnownFileType = sourcecode.swift; path = GradientView.swift; sourceTree = "<group>"; };
/* End PBXFileReference section */

/* Begin PBXFrameworksBuildPhase section */
		FB75B63D1D2B301100D0B047 /* Frameworks */ = {
			isa = PBXFrameworksBuildPhase;
			buildActionMask = 2147483647;
			files = (
			);
			runOnlyForDeploymentPostprocessing = 0;
		};
/* End PBXFrameworksBuildPhase section */

/* Begin PBXGroup section */
		FB75B6371D2B301100D0B047 = {
			isa = PBXGroup;
			children = (
				FB75B6421D2B301100D0B047 /* Lecture5 */,
				FB75B6411D2B301100D0B047 /* Products */,
			);
			sourceTree = "<group>";
		};
		FB75B6411D2B301100D0B047 /* Products */ = {
			isa = PBXGroup;
			children = (
				FB75B6401D2B301100D0B047 /* Lecture5.app */,
			);
			name = Products;
			sourceTree = "<group>";
		};
		FB75B6421D2B301100D0B047 /* Lecture5 */ = {
			isa = PBXGroup;
			children = (
				FB75B6431D2B301100D0B047 /* AppDelegate.swift */,
				FB75B6451D2B301100D0B047 /* ViewController.swift */,
				FB75B6551D2B303300D0B047 /* XButton.swift */,
				FB75B65B1D2C515900D0B047 /* TShirtView.swift */,
				FB75B65D1D2C566C00D0B047 /* GradientView.swift */,
				FB75B6571D2BF66E00D0B047 /* DrawView.swift */,
				FB75B6471D2B301100D0B047 /* Main.storyboard */,
				FB75B64A1D2B301100D0B047 /* Assets.xcassets */,
				FB75B64C1D2B301100D0B047 /* LaunchScreen.storyboard */,
				FB75B64F1D2B301100D0B047 /* Info.plist */,
			);
			path = Lecture5;
			sourceTree = "<group>";
		};
/* End PBXGroup section */

/* Begin PBXNativeTarget section */
		FB75B63F1D2B301100D0B047 /* Lecture5 */ = {
			isa = PBXNativeTarget;
			buildConfigurationList = FB75B6521D2B301100D0B047 /* Build configuration list for PBXNativeTarget "Lecture5" */;
			buildPhases = (
				FB75B63C1D2B301100D0B047 /* Sources */,
				FB75B63D1D2B301100D0B047 /* Frameworks */,
				FB75B63E1D2B301100D0B047 /* Resources */,
			);
			buildRules = (
			);
			dependencies = (
			);
			name = Lecture5;
			productName = Lecture5;
			productReference = FB75B6401D2B301100D0B047 /* Lecture5.app */;
			productType = "com.apple.product-type.application";
		};
/* End PBXNativeTarget section */

/* Begin PBXProject section */
		FB75B6381D2B301100D0B047 /* Project object */ = {
			isa = PBXProject;
			attributes = {
				LastSwiftUpdateCheck = 0730;
				LastUpgradeCheck = 0730;
				ORGANIZATIONNAME = S65g;
				TargetAttributes = {
					FB75B63F1D2B301100D0B047 = {
						CreatedOnToolsVersion = 7.3.1;
					};
				};
			};
			buildConfigurationList = FB75B63B1D2B301100D0B047 /* Build configuration list for PBXProject "Lecture5" */;
			compatibilityVersion = "Xcode 3.2";
			developmentRegion = English;
			hasScannedForEncodings = 0;
			knownRegions = (
				en,
				Base,
			);
			mainGroup = FB75B6371D2B301100D0B047;
			productRefGroup = FB75B6411D2B301100D0B047 /* Products */;
			projectDirPath = "";
			projectRoot = "";
			targets = (
				FB75B63F1D2B301100D0B047 /* Lecture5 */,
			);
		};
/* End PBXProject section */

/* Begin PBXResourcesBuildPhase section */
		FB75B63E1D2B301100D0B047 /* Resources */ = {
			isa = PBXResourcesBuildPhase;
			buildActionMask = 2147483647;
			files = (
				FB75B64E1D2B301100D0B047 /* LaunchScreen.storyboard in Resources */,
				FB75B64B1D2B301100D0B047 /* Assets.xcassets in Resources */,
				FB75B6491D2B301100D0B047 /* Main.storyboard in Resources */,
			);
			runOnlyForDeploymentPostprocessing = 0;
		};
/* End PBXResourcesBuildPhase section */

/* Begin PBXSourcesBuildPhase section */
		FB75B63C1D2B301100D0B047 /* Sources */ = {
			isa = PBXSourcesBuildPhase;
			buildActionMask = 2147483647;
			files = (
				FB75B6581D2BF66E00D0B047 /* DrawView.swift in Sources */,
				FB75B6461D2B301100D0B047 /* ViewController.swift in Sources */,
				FB75B6441D2B301100D0B047 /* AppDelegate.swift in Sources */,
				FB75B65C1D2C515900D0B047 /* TShirtView.swift in Sources */,
				FB75B6561D2B303300D0B047 /* XButton.swift in Sources */,
				FB75B65E1D2C566C00D0B047 /* GradientView.swift in Sources */,
			);
			runOnlyForDeploymentPostprocessing = 0;
		};
/* End PBXSourcesBuildPhase section */

/* Begin PBXVariantGroup section */
		FB75B6471D2B301100D0B047 /* Main.storyboard */ = {
			isa = PBXVariantGroup;
			children = (
				FB75B6481D2B301100D0B047 /* Base */,
			);
			name = Main.storyboard;
			sourceTree = "<group>";
		};
		FB75B64C1D2B301100D0B047 /* LaunchScreen.storyboard */ = {
			isa = PBXVariantGroup;
			children = (
				FB75B64D1D2B301100D0B047 /* Base */,
			);
			name = LaunchScreen.storyboard;
			sourceTree = "<group>";
		};
/* End PBXVariantGroup section */

/* Begin XCBuildConfiguration section */
		FB75B6501D2B301100D0B047 /* Debug */ = {
			isa = XCBuildConfiguration;
			buildSettings = {
				ALWAYS_SEARCH_USER_PATHS = NO;
				CLANG_ANALYZER_NONNULL = YES;
				CLANG_CXX_LANGUAGE_STANDARD = "gnu++0x";
				CLANG_CXX_LIBRARY = "libc++";
				CLANG_ENABLE_MODULES = YES;
				CLANG_ENABLE_OBJC_ARC = YES;
				CLANG_WARN_BOOL_CONVERSION = YES;
				CLANG_WARN_CONSTANT_CONVERSION = YES;
				CLANG_WARN_DIRECT_OBJC_ISA_USAGE = YES_ERROR;
				CLANG_WARN_EMPTY_BODY = YES;
				CLANG_WARN_ENUM_CONVERSION = YES;
				CLANG_WARN_INT_CONVERSION = YES;
				CLANG_WARN_OBJC_ROOT_CLASS = YES_ERROR;
				CLANG_WARN_UNREACHABLE_CODE = YES;
				CLANG_WARN__DUPLICATE_METHOD_MATCH = YES;
				"CODE_SIGN_IDENTITY[sdk=iphoneos*]" = "iPhone Developer";
				COPY_PHASE_STRIP = NO;
				DEBUG_INFORMATION_FORMAT = dwarf;
				ENABLE_STRICT_OBJC_MSGSEND = YES;
				ENABLE_TESTABILITY = YES;
				GCC_C_LANGUAGE_STANDARD = gnu99;
				GCC_DYNAMIC_NO_PIC = NO;
				GCC_NO_COMMON_BLOCKS = YES;
				GCC_OPTIMIZATION_LEVEL = 0;
				GCC_PREPROCESSOR_DEFINITIONS = (
					"DEBUG=1",
					"$(inherited)",
				);
				GCC_WARN_64_TO_32_BIT_CONVERSION = YES;
				GCC_WARN_ABOUT_RETURN_TYPE = YES_ERROR;
				GCC_WARN_UNDECLARED_SELECTOR = YES;
				GCC_WARN_UNINITIALIZED_AUTOS = YES_AGGRESSIVE;
				GCC_WARN_UNUSED_FUNCTION = YES;
				GCC_WARN_UNUSED_VARIABLE = YES;
				IPHONEOS_DEPLOYMENT_TARGET = 9.3;
				MTL_ENABLE_DEBUG_INFO = YES;
				ONLY_ACTIVE_ARCH = YES;
				SDKROOT = iphoneos;
				SWIFT_OPTIMIZATION_LEVEL = "-Onone";
				TARGETED_DEVICE_FAMILY = "1,2";
			};
			name = Debug;
		};
		FB75B6511D2B301100D0B047 /* Release */ = {
			isa = XCBuildConfiguration;
			buildSettings = {
				ALWAYS_SEARCH_USER_PATHS = NO;
				CLANG_ANALYZER_NONNULL = YES;
				CLANG_CXX_LANGUAGE_STANDARD = "gnu++0x";
				CLANG_CXX_LIBRARY = "libc++";
				CLANG_ENABLE_MODULES = YES;
				CLANG_ENABLE_OBJC_ARC = YES;
				CLANG_WARN_BOOL_CONVERSION = YES;
				CLANG_WARN_CONSTANT_CONVERSION = YES;
				CLANG_WARN_DIRECT_OBJC_ISA_USAGE = YES_ERROR;
				CLANG_WARN_EMPTY_BODY = YES;
				CLANG_WARN_ENUM_CONVERSION = YES;
				CLANG_WARN_INT_CONVERSION = YES;
				CLANG_WARN_OBJC_ROOT_CLASS = YES_ERROR;
				CLANG_WARN_UNREACHABLE_CODE = YES;
				CLANG_WARN__DUPLICATE_METHOD_MATCH = YES;
				"CODE_SIGN_IDENTITY[sdk=iphoneos*]" = "iPhone Developer";
				COPY_PHASE_STRIP = NO;
				DEBUG_INFORMATION_FORMAT = "dwarf-with-dsym";
				ENABLE_NS_ASSERTIONS = NO;
				ENABLE_STRICT_OBJC_MSGSEND = YES;
				GCC_C_LANGUAGE_STANDARD = gnu99;
				GCC_NO_COMMON_BLOCKS = YES;
				GCC_WARN_64_TO_32_BIT_CONVERSION = YES;
				GCC_WARN_ABOUT_RETURN_TYPE = YES_ERROR;
				GCC_WARN_UNDECLARED_SELECTOR = YES;
				GCC_WARN_UNINITIALIZED_AUTOS = YES_AGGRESSIVE;
				GCC_WARN_UNUSED_FUNCTION = YES;
				GCC_WARN_UNUSED_VARIABLE = YES;
				IPHONEOS_DEPLOYMENT_TARGET = 9.3;
				MTL_ENABLE_DEBUG_INFO = NO;
				SDKROOT = iphoneos;
				TARGETED_DEVICE_FAMILY = "1,2";
				VALIDATE_PRODUCT = YES;
			};
			name = Release;
		};
		FB75B6531D2B301100D0B047 /* Debug */ = {
			isa = XCBuildConfiguration;
			buildSettings = {
				ASSETCATALOG_COMPILER_APPICON_NAME = AppIcon;
				INFOPLIST_FILE = Lecture5/Info.plist;
				LD_RUNPATH_SEARCH_PATHS = "$(inherited) @executable_path/Frameworks";
				PRODUCT_BUNDLE_IDENTIFIER = edu.harvard.s65g.Lecture5;
				PRODUCT_NAME = "$(TARGET_NAME)";
			};
			name = Debug;
		};
		FB75B6541D2B301100D0B047 /* Release */ = {
			isa = XCBuildConfiguration;
			buildSettings = {
				ASSETCATALOG_COMPILER_APPICON_NAME = AppIcon;
				INFOPLIST_FILE = Lecture5/Info.plist;
				LD_RUNPATH_SEARCH_PATHS = "$(inherited) @executable_path/Frameworks";
				PRODUCT_BUNDLE_IDENTIFIER = edu.harvard.s65g.Lecture5;
				PRODUCT_NAME = "$(TARGET_NAME)";
			};
			name = Release;
		};
/* End XCBuildConfiguration section */

/* Begin XCConfigurationList section */
		FB75B63B1D2B301100D0B047 /* Build configuration list for PBXProject "Lecture5" */ = {
			isa = XCConfigurationList;
			buildConfigurations = (
				FB75B6501D2B301100D0B047 /* Debug */,
				FB75B6511D2B301100D0B047 /* Release */,
			);
			defaultConfigurationIsVisible = 0;
			defaultConfigurationName = Release;
		};
		FB75B6521D2B301100D0B047 /* Build configuration list for PBXNativeTarget "Lecture5" */ = {
			isa = XCConfigurationList;
			buildConfigurations = (
				FB75B6531D2B301100D0B047 /* Debug */,
				FB75B6541D2B301100D0B047 /* Release */,
			);
			defaultConfigurationIsVisible = 0;
		};
/* End XCConfigurationList section */
	};
	rootObject = FB75B6381D2B301100D0B047 /* Project object */;
}
