// !$*UTF8*$!
{
	archiveVersion = 1;
	classes = {
	};
	objectVersion = 46;
	objects = {

/* Begin PBXBuildFile section */
		014F60591D3077E600D7AD4F /* AppDelegate.swift in Sources */ = {isa = PBXBuildFile; fileRef = 014F60581D3077E600D7AD4F /* AppDelegate.swift */; };
		014F605B1D3077E600D7AD4F /* ViewController.swift in Sources */ = {isa = PBXBuildFile; fileRef = 014F605A1D3077E600D7AD4F /* ViewController.swift */; };
		014F605E1D3077E600D7AD4F /* Main.storyboard in Resources */ = {isa = PBXBuildFile; fileRef = 014F605C1D3077E600D7AD4F /* Main.storyboard */; };
		014F60601D3077E600D7AD4F /* Assets.xcassets in Resources */ = {isa = PBXBuildFile; fileRef = 014F605F1D3077E600D7AD4F /* Assets.xcassets */; };
		014F60631D3077E600D7AD4F /* LaunchScreen.storyboard in Resources */ = {isa = PBXBuildFile; fileRef = 014F60611D3077E600D7AD4F /* LaunchScreen.storyboard */; };
		014F606B1D309B7000D7AD4F /* GridView.swift in Sources */ = {isa = PBXBuildFile; fileRef = 014F606A1D309B7000D7AD4F /* GridView.swift */; };
		014F606F1D32EB7100D7AD4F /* Engine.swift in Sources */ = {isa = PBXBuildFile; fileRef = 014F606E1D32EB7100D7AD4F /* Engine.swift */; };
/* End PBXBuildFile section */

/* Begin PBXFileReference section */
		014F60551D3077E600D7AD4F /* Assignment3.app */ = {isa = PBXFileReference; explicitFileType = wrapper.application; includeInIndex = 0; path = Assignment3.app; sourceTree = BUILT_PRODUCTS_DIR; };
		014F60581D3077E600D7AD4F /* AppDelegate.swift */ = {isa = PBXFileReference; lastKnownFileType = sourcecode.swift; path = AppDelegate.swift; sourceTree = "<group>"; };
		014F605A1D3077E600D7AD4F /* ViewController.swift */ = {isa = PBXFileReference; lastKnownFileType = sourcecode.swift; path = ViewController.swift; sourceTree = "<group>"; };
		014F605D1D3077E600D7AD4F /* Base */ = {isa = PBXFileReference; lastKnownFileType = file.storyboard; name = Base; path = Base.lproj/Main.storyboard; sourceTree = "<group>"; };
		014F605F1D3077E600D7AD4F /* Assets.xcassets */ = {isa = PBXFileReference; lastKnownFileType = folder.assetcatalog; path = Assets.xcassets; sourceTree = "<group>"; };
		014F60621D3077E600D7AD4F /* Base */ = {isa = PBXFileReference; lastKnownFileType = file.storyboard; name = Base; path = Base.lproj/LaunchScreen.storyboard; sourceTree = "<group>"; };
		014F60641D3077E600D7AD4F /* Info.plist */ = {isa = PBXFileReference; lastKnownFileType = text.plist.xml; path = Info.plist; sourceTree = "<group>"; };
		014F606A1D309B7000D7AD4F /* GridView.swift */ = {isa = PBXFileReference; fileEncoding = 4; lastKnownFileType = sourcecode.swift; path = GridView.swift; sourceTree = "<group>"; };
		014F606E1D32EB7100D7AD4F /* Engine.swift */ = {isa = PBXFileReference; fileEncoding = 4; lastKnownFileType = sourcecode.swift; path = Engine.swift; sourceTree = "<group>"; };
/* End PBXFileReference section */

/* Begin PBXFrameworksBuildPhase section */
		014F60521D3077E600D7AD4F /* Frameworks */ = {
			isa = PBXFrameworksBuildPhase;
			buildActionMask = 2147483647;
			files = (
			);
			runOnlyForDeploymentPostprocessing = 0;
		};
/* End PBXFrameworksBuildPhase section */

/* Begin PBXGroup section */
		014F604C1D3077E600D7AD4F = {
			isa = PBXGroup;
			children = (
				014F60571D3077E600D7AD4F /* Assignment3 */,
				014F60561D3077E600D7AD4F /* Products */,
			);
			sourceTree = "<group>";
		};
		014F60561D3077E600D7AD4F /* Products */ = {
			isa = PBXGroup;
			children = (
				014F60551D3077E600D7AD4F /* Assignment3.app */,
			);
			name = Products;
			sourceTree = "<group>";
		};
		014F60571D3077E600D7AD4F /* Assignment3 */ = {
			isa = PBXGroup;
			children = (
				014F60581D3077E600D7AD4F /* AppDelegate.swift */,
				014F605A1D3077E600D7AD4F /* ViewController.swift */,
				014F606A1D309B7000D7AD4F /* GridView.swift */,
				014F606E1D32EB7100D7AD4F /* Engine.swift */,
				014F605C1D3077E600D7AD4F /* Main.storyboard */,
				014F605F1D3077E600D7AD4F /* Assets.xcassets */,
				014F60611D3077E600D7AD4F /* LaunchScreen.storyboard */,
				014F60641D3077E600D7AD4F /* Info.plist */,
			);
			path = Assignment3;
			sourceTree = "<group>";
		};
/* End PBXGroup section */

/* Begin PBXNativeTarget section */
		014F60541D3077E600D7AD4F /* Assignment3 */ = {
			isa = PBXNativeTarget;
			buildConfigurationList = 014F60671D3077E600D7AD4F /* Build configuration list for PBXNativeTarget "Assignment3" */;
			buildPhases = (
				014F60511D3077E600D7AD4F /* Sources */,
				014F60521D3077E600D7AD4F /* Frameworks */,
				014F60531D3077E600D7AD4F /* Resources */,
			);
			buildRules = (
			);
			dependencies = (
			);
			name = Assignment3;
			productName = Assignment3;
			productReference = 014F60551D3077E600D7AD4F /* Assignment3.app */;
			productType = "com.apple.product-type.application";
		};
/* End PBXNativeTarget section */

/* Begin PBXProject section */
		014F604D1D3077E600D7AD4F /* Project object */ = {
			isa = PBXProject;
			attributes = {
				LastSwiftUpdateCheck = 0730;
				LastUpgradeCheck = 0730;
				ORGANIZATIONNAME = "Trident Advisors";
				TargetAttributes = {
					014F60541D3077E600D7AD4F = {
						CreatedOnToolsVersion = 7.3.1;
					};
				};
			};
			buildConfigurationList = 014F60501D3077E600D7AD4F /* Build configuration list for PBXProject "Assignment3" */;
			compatibilityVersion = "Xcode 3.2";
			developmentRegion = English;
			hasScannedForEncodings = 0;
			knownRegions = (
				en,
				Base,
			);
			mainGroup = 014F604C1D3077E600D7AD4F;
			productRefGroup = 014F60561D3077E600D7AD4F /* Products */;
			projectDirPath = "";
			projectRoot = "";
			targets = (
				014F60541D3077E600D7AD4F /* Assignment3 */,
			);
		};
/* End PBXProject section */

/* Begin PBXResourcesBuildPhase section */
		014F60531D3077E600D7AD4F /* Resources */ = {
			isa = PBXResourcesBuildPhase;
			buildActionMask = 2147483647;
			files = (
				014F60631D3077E600D7AD4F /* LaunchScreen.storyboard in Resources */,
				014F60601D3077E600D7AD4F /* Assets.xcassets in Resources */,
				014F605E1D3077E600D7AD4F /* Main.storyboard in Resources */,
			);
			runOnlyForDeploymentPostprocessing = 0;
		};
/* End PBXResourcesBuildPhase section */

/* Begin PBXSourcesBuildPhase section */
		014F60511D3077E600D7AD4F /* Sources */ = {
			isa = PBXSourcesBuildPhase;
			buildActionMask = 2147483647;
			files = (
				014F605B1D3077E600D7AD4F /* ViewController.swift in Sources */,
				014F606F1D32EB7100D7AD4F /* Engine.swift in Sources */,
				014F606B1D309B7000D7AD4F /* GridView.swift in Sources */,
				014F60591D3077E600D7AD4F /* AppDelegate.swift in Sources */,
			);
			runOnlyForDeploymentPostprocessing = 0;
		};
/* End PBXSourcesBuildPhase section */

/* Begin PBXVariantGroup section */
		014F605C1D3077E600D7AD4F /* Main.storyboard */ = {
			isa = PBXVariantGroup;
			children = (
				014F605D1D3077E600D7AD4F /* Base */,
			);
			name = Main.storyboard;
			sourceTree = "<group>";
		};
		014F60611D3077E600D7AD4F /* LaunchScreen.storyboard */ = {
			isa = PBXVariantGroup;
			children = (
				014F60621D3077E600D7AD4F /* Base */,
			);
			name = LaunchScreen.storyboard;
			sourceTree = "<group>";
		};
/* End PBXVariantGroup section */

/* Begin XCBuildConfiguration section */
		014F60651D3077E600D7AD4F /* Debug */ = {
			isa = XCBuildConfiguration;
			buildSettings = {
				ALWAYS_SEARCH_USER_PATHS = NO;
				CLANG_ANALYZER_NONNULL = YES;
				CLANG_CXX_LANGUAGE_STANDARD = "gnu++0x";
				CLANG_CXX_LIBRARY = "libc++";
				CLANG_ENABLE_MODULES = YES;
				CLANG_ENABLE_OBJC_ARC = YES;
				CLANG_WARN_BOOL_CONVERSION = YES;
				CLANG_WARN_CONSTANT_CONVERSION = YES;
				CLANG_WARN_DIRECT_OBJC_ISA_USAGE = YES_ERROR;
				CLANG_WARN_EMPTY_BODY = YES;
				CLANG_WARN_ENUM_CONVERSION = YES;
				CLANG_WARN_INT_CONVERSION = YES;
				CLANG_WARN_OBJC_ROOT_CLASS = YES_ERROR;
				CLANG_WARN_UNREACHABLE_CODE = YES;
				CLANG_WARN__DUPLICATE_METHOD_MATCH = YES;
				"CODE_SIGN_IDENTITY[sdk=iphoneos*]" = "iPhone Developer";
				COPY_PHASE_STRIP = NO;
				DEBUG_INFORMATION_FORMAT = dwarf;
				ENABLE_STRICT_OBJC_MSGSEND = YES;
				ENABLE_TESTABILITY = YES;
				GCC_C_LANGUAGE_STANDARD = gnu99;
				GCC_DYNAMIC_NO_PIC = NO;
				GCC_NO_COMMON_BLOCKS = YES;
				GCC_OPTIMIZATION_LEVEL = 0;
				GCC_PREPROCESSOR_DEFINITIONS = (
					"DEBUG=1",
					"$(inherited)",
				);
				GCC_WARN_64_TO_32_BIT_CONVERSION = YES;
				GCC_WARN_ABOUT_RETURN_TYPE = YES_ERROR;
				GCC_WARN_UNDECLARED_SELECTOR = YES;
				GCC_WARN_UNINITIALIZED_AUTOS = YES_AGGRESSIVE;
				GCC_WARN_UNUSED_FUNCTION = YES;
				GCC_WARN_UNUSED_VARIABLE = YES;
				IPHONEOS_DEPLOYMENT_TARGET = 9.3;
				MTL_ENABLE_DEBUG_INFO = YES;
				ONLY_ACTIVE_ARCH = YES;
				SDKROOT = iphoneos;
				SWIFT_OPTIMIZATION_LEVEL = "-Onone";
				TARGETED_DEVICE_FAMILY = "1,2";
			};
			name = Debug;
		};
		014F60661D3077E600D7AD4F /* Release */ = {
			isa = XCBuildConfiguration;
			buildSettings = {
				ALWAYS_SEARCH_USER_PATHS = NO;
				CLANG_ANALYZER_NONNULL = YES;
				CLANG_CXX_LANGUAGE_STANDARD = "gnu++0x";
				CLANG_CXX_LIBRARY = "libc++";
				CLANG_ENABLE_MODULES = YES;
				CLANG_ENABLE_OBJC_ARC = YES;
				CLANG_WARN_BOOL_CONVERSION = YES;
				CLANG_WARN_CONSTANT_CONVERSION = YES;
				CLANG_WARN_DIRECT_OBJC_ISA_USAGE = YES_ERROR;
				CLANG_WARN_EMPTY_BODY = YES;
				CLANG_WARN_ENUM_CONVERSION = YES;
				CLANG_WARN_INT_CONVERSION = YES;
				CLANG_WARN_OBJC_ROOT_CLASS = YES_ERROR;
				CLANG_WARN_UNREACHABLE_CODE = YES;
				CLANG_WARN__DUPLICATE_METHOD_MATCH = YES;
				"CODE_SIGN_IDENTITY[sdk=iphoneos*]" = "iPhone Developer";
				COPY_PHASE_STRIP = NO;
				DEBUG_INFORMATION_FORMAT = "dwarf-with-dsym";
				ENABLE_NS_ASSERTIONS = NO;
				ENABLE_STRICT_OBJC_MSGSEND = YES;
				GCC_C_LANGUAGE_STANDARD = gnu99;
				GCC_NO_COMMON_BLOCKS = YES;
				GCC_WARN_64_TO_32_BIT_CONVERSION = YES;
				GCC_WARN_ABOUT_RETURN_TYPE = YES_ERROR;
				GCC_WARN_UNDECLARED_SELECTOR = YES;
				GCC_WARN_UNINITIALIZED_AUTOS = YES_AGGRESSIVE;
				GCC_WARN_UNUSED_FUNCTION = YES;
				GCC_WARN_UNUSED_VARIABLE = YES;
				IPHONEOS_DEPLOYMENT_TARGET = 9.3;
				MTL_ENABLE_DEBUG_INFO = NO;
				SDKROOT = iphoneos;
				TARGETED_DEVICE_FAMILY = "1,2";
				VALIDATE_PRODUCT = YES;
			};
			name = Release;
		};
		014F60681D3077E600D7AD4F /* Debug */ = {
			isa = XCBuildConfiguration;
			buildSettings = {
				ASSETCATALOG_COMPILER_APPICON_NAME = AppIcon;
				INFOPLIST_FILE = Assignment3/Info.plist;
				LD_RUNPATH_SEARCH_PATHS = "$(inherited) @executable_path/Frameworks";
				PRODUCT_BUNDLE_IDENTIFIER = com.finenibs.Assignment3;
				PRODUCT_NAME = "$(TARGET_NAME)";
			};
			name = Debug;
		};
		014F60691D3077E600D7AD4F /* Release */ = {
			isa = XCBuildConfiguration;
			buildSettings = {
				ASSETCATALOG_COMPILER_APPICON_NAME = AppIcon;
				INFOPLIST_FILE = Assignment3/Info.plist;
				LD_RUNPATH_SEARCH_PATHS = "$(inherited) @executable_path/Frameworks";
				PRODUCT_BUNDLE_IDENTIFIER = com.finenibs.Assignment3;
				PRODUCT_NAME = "$(TARGET_NAME)";
			};
			name = Release;
		};
/* End XCBuildConfiguration section */

/* Begin XCConfigurationList section */
		014F60501D3077E600D7AD4F /* Build configuration list for PBXProject "Assignment3" */ = {
			isa = XCConfigurationList;
			buildConfigurations = (
				014F60651D3077E600D7AD4F /* Debug */,
				014F60661D3077E600D7AD4F /* Release */,
			);
			defaultConfigurationIsVisible = 0;
			defaultConfigurationName = Release;
		};
		014F60671D3077E600D7AD4F /* Build configuration list for PBXNativeTarget "Assignment3" */ = {
			isa = XCConfigurationList;
			buildConfigurations = (
				014F60681D3077E600D7AD4F /* Debug */,
				014F60691D3077E600D7AD4F /* Release */,
			);
			defaultConfigurationIsVisible = 0;
		};
/* End XCConfigurationList section */
	};
	rootObject = 014F604D1D3077E600D7AD4F /* Project object */;
}
