// !$*UTF8*$!
{
	archiveVersion = 1;
	classes = {
	};
	objectVersion = 46;
	objects = {

/* Begin PBXBuildFile section */
		FBB37C541A92742200159B1F /* MainViewController.swift in Sources */ = {isa = PBXBuildFile; fileRef = FBB37C531A92742200159B1F /* MainViewController.swift */; };
		FBB37C621A9281BD00159B1F /* Autumn.png in Resources */ = {isa = PBXBuildFile; fileRef = FBB37C581A9281BD00159B1F /* Autumn.png */; };
		FBB37C631A9281BD00159B1F /* Building.png in Resources */ = {isa = PBXBuildFile; fileRef = FBB37C591A9281BD00159B1F /* Building.png */; };
		FBB37C641A9281BD00159B1F /* City.png in Resources */ = {isa = PBXBuildFile; fileRef = FBB37C5A1A9281BD00159B1F /* City.png */; };
		FBB37C651A9281BD00159B1F /* Clouds.png in Resources */ = {isa = PBXBuildFile; fileRef = FBB37C5B1A9281BD00159B1F /* Clouds.png */; };
		FBB37C661A9281BD00159B1F /* Flowers.png in Resources */ = {isa = PBXBuildFile; fileRef = FBB37C5C1A9281BD00159B1F /* Flowers.png */; };
		FBB37C671A9281BD00159B1F /* River.png in Resources */ = {isa = PBXBuildFile; fileRef = FBB37C5D1A9281BD00159B1F /* River.png */; };
		FBB37C681A9281BD00159B1F /* Snow.png in Resources */ = {isa = PBXBuildFile; fileRef = FBB37C5E1A9281BD00159B1F /* Snow.png */; };
		FBB37C691A9281BD00159B1F /* Statue.png in Resources */ = {isa = PBXBuildFile; fileRef = FBB37C5F1A9281BD00159B1F /* Statue.png */; };
		FBB37C6A1A9281BD00159B1F /* Sunrise.png in Resources */ = {isa = PBXBuildFile; fileRef = FBB37C601A9281BD00159B1F /* Sunrise.png */; };
		FBB37C6B1A9281BD00159B1F /* Trees.png in Resources */ = {isa = PBXBuildFile; fileRef = FBB37C611A9281BD00159B1F /* Trees.png */; };
		FBB37C6F1A92844700159B1F /* CompositingViewController.swift in Sources */ = {isa = PBXBuildFile; fileRef = FBB37C6E1A92844700159B1F /* CompositingViewController.swift */; };
		FBB37C711A928A1200159B1F /* Compositor.xib in Resources */ = {isa = PBXBuildFile; fileRef = FBB37C701A928A1200159B1F /* Compositor.xib */; };
		FBB37C731A928E7D00159B1F /* ThreadedCompositingViewController.swift in Sources */ = {isa = PBXBuildFile; fileRef = FBB37C721A928E7D00159B1F /* ThreadedCompositingViewController.swift */; };
		FBB37C751A92984700159B1F /* Utilities.swift in Sources */ = {isa = PBXBuildFile; fileRef = FBB37C741A92984700159B1F /* Utilities.swift */; };
		FBC14BF11A90D66A00A3F283 /* AppDelegate.swift in Sources */ = {isa = PBXBuildFile; fileRef = FBC14BF01A90D66A00A3F283 /* AppDelegate.swift */; };
		FBC14BF31A90D66A00A3F283 /* GraphViewController.swift in Sources */ = {isa = PBXBuildFile; fileRef = FBC14BF21A90D66A00A3F283 /* GraphViewController.swift */; };
		FBC14BF61A90D66A00A3F283 /* Main.storyboard in Resources */ = {isa = PBXBuildFile; fileRef = FBC14BF41A90D66A00A3F283 /* Main.storyboard */; };
		FBC14BF81A90D66A00A3F283 /* Images.xcassets in Resources */ = {isa = PBXBuildFile; fileRef = FBC14BF71A90D66A00A3F283 /* Images.xcassets */; };
		FBC14BFB1A90D66A00A3F283 /* LaunchScreen.xib in Resources */ = {isa = PBXBuildFile; fileRef = FBC14BF91A90D66A00A3F283 /* LaunchScreen.xib */; };
		FBC14C071A90D66A00A3F283 /* Section05Tests.swift in Sources */ = {isa = PBXBuildFile; fileRef = FBC14C061A90D66A00A3F283 /* Section05Tests.swift */; };
		FBD75B8E1A94E4A80076DA90 /* GCDThreadingCompositingViewController.swift in Sources */ = {isa = PBXBuildFile; fileRef = FBD75B8D1A94E4A80076DA90 /* GCDThreadingCompositingViewController.swift */; };
		FBDA0FDC1A9134BA000EF4E5 /* Section05Views.framework in Frameworks */ = {isa = PBXBuildFile; fileRef = FBDA0FDB1A9134BA000EF4E5 /* Section05Views.framework */; };
/* End PBXBuildFile section */

/* Begin PBXContainerItemProxy section */
		FBC14C011A90D66A00A3F283 /* PBXContainerItemProxy */ = {
			isa = PBXContainerItemProxy;
			containerPortal = FBC14BE31A90D66A00A3F283 /* Project object */;
			proxyType = 1;
			remoteGlobalIDString = FBC14BEA1A90D66A00A3F283;
			remoteInfo = Section05;
		};
/* End PBXContainerItemProxy section */

/* Begin PBXFileReference section */
		FBB37C531A92742200159B1F /* MainViewController.swift */ = {isa = PBXFileReference; fileEncoding = 4; lastKnownFileType = sourcecode.swift; path = MainViewController.swift; sourceTree = "<group>"; };
		FBB37C581A9281BD00159B1F /* Autumn.png */ = {isa = PBXFileReference; lastKnownFileType = image.png; path = Autumn.png; sourceTree = "<group>"; };
		FBB37C591A9281BD00159B1F /* Building.png */ = {isa = PBXFileReference; lastKnownFileType = image.png; path = Building.png; sourceTree = "<group>"; };
		FBB37C5A1A9281BD00159B1F /* City.png */ = {isa = PBXFileReference; lastKnownFileType = image.png; path = City.png; sourceTree = "<group>"; };
		FBB37C5B1A9281BD00159B1F /* Clouds.png */ = {isa = PBXFileReference; lastKnownFileType = image.png; path = Clouds.png; sourceTree = "<group>"; };
		FBB37C5C1A9281BD00159B1F /* Flowers.png */ = {isa = PBXFileReference; lastKnownFileType = image.png; path = Flowers.png; sourceTree = "<group>"; };
		FBB37C5D1A9281BD00159B1F /* River.png */ = {isa = PBXFileReference; lastKnownFileType = image.png; path = River.png; sourceTree = "<group>"; };
		FBB37C5E1A9281BD00159B1F /* Snow.png */ = {isa = PBXFileReference; lastKnownFileType = image.png; path = Snow.png; sourceTree = "<group>"; };
		FBB37C5F1A9281BD00159B1F /* Statue.png */ = {isa = PBXFileReference; lastKnownFileType = image.png; path = Statue.png; sourceTree = "<group>"; };
		FBB37C601A9281BD00159B1F /* Sunrise.png */ = {isa = PBXFileReference; lastKnownFileType = image.png; path = Sunrise.png; sourceTree = "<group>"; };
		FBB37C611A9281BD00159B1F /* Trees.png */ = {isa = PBXFileReference; lastKnownFileType = image.png; path = Trees.png; sourceTree = "<group>"; };
		FBB37C6E1A92844700159B1F /* CompositingViewController.swift */ = {isa = PBXFileReference; fileEncoding = 4; lastKnownFileType = sourcecode.swift; path = CompositingViewController.swift; sourceTree = "<group>"; };
		FBB37C701A928A1200159B1F /* Compositor.xib */ = {isa = PBXFileReference; fileEncoding = 4; lastKnownFileType = file.xib; path = Compositor.xib; sourceTree = "<group>"; };
		FBB37C721A928E7D00159B1F /* ThreadedCompositingViewController.swift */ = {isa = PBXFileReference; fileEncoding = 4; lastKnownFileType = sourcecode.swift; path = ThreadedCompositingViewController.swift; sourceTree = "<group>"; };
		FBB37C741A92984700159B1F /* Utilities.swift */ = {isa = PBXFileReference; fileEncoding = 4; lastKnownFileType = sourcecode.swift; path = Utilities.swift; sourceTree = "<group>"; };
		FBC14BEB1A90D66A00A3F283 /* Section05.app */ = {isa = PBXFileReference; explicitFileType = wrapper.application; includeInIndex = 0; path = Section05.app; sourceTree = BUILT_PRODUCTS_DIR; };
		FBC14BEF1A90D66A00A3F283 /* Info.plist */ = {isa = PBXFileReference; lastKnownFileType = text.plist.xml; path = Info.plist; sourceTree = "<group>"; };
		FBC14BF01A90D66A00A3F283 /* AppDelegate.swift */ = {isa = PBXFileReference; lastKnownFileType = sourcecode.swift; path = AppDelegate.swift; sourceTree = "<group>"; };
		FBC14BF21A90D66A00A3F283 /* GraphViewController.swift */ = {isa = PBXFileReference; lastKnownFileType = sourcecode.swift; path = GraphViewController.swift; sourceTree = "<group>"; };
		FBC14BF51A90D66A00A3F283 /* Base */ = {isa = PBXFileReference; lastKnownFileType = file.storyboard; name = Base; path = Base.lproj/Main.storyboard; sourceTree = "<group>"; };
		FBC14BF71A90D66A00A3F283 /* Images.xcassets */ = {isa = PBXFileReference; lastKnownFileType = folder.assetcatalog; path = Images.xcassets; sourceTree = "<group>"; };
		FBC14BFA1A90D66A00A3F283 /* Base */ = {isa = PBXFileReference; lastKnownFileType = file.xib; name = Base; path = Base.lproj/LaunchScreen.xib; sourceTree = "<group>"; };
		FBC14C001A90D66A00A3F283 /* Section05Tests.xctest */ = {isa = PBXFileReference; explicitFileType = wrapper.cfbundle; includeInIndex = 0; path = Section05Tests.xctest; sourceTree = BUILT_PRODUCTS_DIR; };
		FBC14C051A90D66A00A3F283 /* Info.plist */ = {isa = PBXFileReference; lastKnownFileType = text.plist.xml; path = Info.plist; sourceTree = "<group>"; };
		FBC14C061A90D66A00A3F283 /* Section05Tests.swift */ = {isa = PBXFileReference; lastKnownFileType = sourcecode.swift; path = Section05Tests.swift; sourceTree = "<group>"; };
		FBD75B8D1A94E4A80076DA90 /* GCDThreadingCompositingViewController.swift */ = {isa = PBXFileReference; fileEncoding = 4; lastKnownFileType = sourcecode.swift; path = GCDThreadingCompositingViewController.swift; sourceTree = "<group>"; };
		FBDA0FDB1A9134BA000EF4E5 /* Section05Views.framework */ = {isa = PBXFileReference; lastKnownFileType = wrapper.framework; name = Section05Views.framework; path = "../Section05Views/build/Debug-iphoneos/Section05Views.framework"; sourceTree = "<group>"; };
/* End PBXFileReference section */

/* Begin PBXFrameworksBuildPhase section */
		FBC14BE81A90D66A00A3F283 /* Frameworks */ = {
			isa = PBXFrameworksBuildPhase;
			buildActionMask = 2147483647;
			files = (
				FBDA0FDC1A9134BA000EF4E5 /* Section05Views.framework in Frameworks */,
			);
			runOnlyForDeploymentPostprocessing = 0;
		};
		FBC14BFD1A90D66A00A3F283 /* Frameworks */ = {
			isa = PBXFrameworksBuildPhase;
			buildActionMask = 2147483647;
			files = (
			);
			runOnlyForDeploymentPostprocessing = 0;
		};
/* End PBXFrameworksBuildPhase section */

/* Begin PBXGroup section */
		FBB37C571A9281BD00159B1F /* Resources */ = {
			isa = PBXGroup;
			children = (
				FBB37C581A9281BD00159B1F /* Autumn.png */,
				FBB37C591A9281BD00159B1F /* Building.png */,
				FBB37C5A1A9281BD00159B1F /* City.png */,
				FBB37C5B1A9281BD00159B1F /* Clouds.png */,
				FBB37C5C1A9281BD00159B1F /* Flowers.png */,
				FBB37C5D1A9281BD00159B1F /* River.png */,
				FBB37C5E1A9281BD00159B1F /* Snow.png */,
				FBB37C5F1A9281BD00159B1F /* Statue.png */,
				FBB37C601A9281BD00159B1F /* Sunrise.png */,
				FBB37C611A9281BD00159B1F /* Trees.png */,
			);
			path = Resources;
			sourceTree = "<group>";
		};
		FBC14BE21A90D66A00A3F283 = {
			isa = PBXGroup;
			children = (
				FBC14BED1A90D66A00A3F283 /* Section05 */,
				FBB37C571A9281BD00159B1F /* Resources */,
				FBC14C031A90D66A00A3F283 /* Section05Tests */,
				FBDA0FDA1A913463000EF4E5 /* Frameworks */,
				FBC14BEC1A90D66A00A3F283 /* Products */,
			);
			sourceTree = "<group>";
		};
		FBC14BEC1A90D66A00A3F283 /* Products */ = {
			isa = PBXGroup;
			children = (
				FBC14BEB1A90D66A00A3F283 /* Section05.app */,
				FBC14C001A90D66A00A3F283 /* Section05Tests.xctest */,
			);
			name = Products;
			sourceTree = "<group>";
		};
		FBC14BED1A90D66A00A3F283 /* Section05 */ = {
			isa = PBXGroup;
			children = (
				FBC14BF01A90D66A00A3F283 /* AppDelegate.swift */,
				FBB37C531A92742200159B1F /* MainViewController.swift */,
				FBC14BF21A90D66A00A3F283 /* GraphViewController.swift */,
				FBB37C6E1A92844700159B1F /* CompositingViewController.swift */,
				FBB37C721A928E7D00159B1F /* ThreadedCompositingViewController.swift */,
				FBD75B8D1A94E4A80076DA90 /* GCDThreadingCompositingViewController.swift */,
				FBB37C741A92984700159B1F /* Utilities.swift */,
				FBC14BF41A90D66A00A3F283 /* Main.storyboard */,
				FBB37C701A928A1200159B1F /* Compositor.xib */,
				FBC14BF71A90D66A00A3F283 /* Images.xcassets */,
				FBC14BF91A90D66A00A3F283 /* LaunchScreen.xib */,
				FBC14BEE1A90D66A00A3F283 /* Supporting Files */,
			);
			path = Section05;
			sourceTree = "<group>";
		};
		FBC14BEE1A90D66A00A3F283 /* Supporting Files */ = {
			isa = PBXGroup;
			children = (
				FBC14BEF1A90D66A00A3F283 /* Info.plist */,
			);
			name = "Supporting Files";
			sourceTree = "<group>";
		};
		FBC14C031A90D66A00A3F283 /* Section05Tests */ = {
			isa = PBXGroup;
			children = (
				FBC14C061A90D66A00A3F283 /* Section05Tests.swift */,
				FBC14C041A90D66A00A3F283 /* Supporting Files */,
			);
			path = Section05Tests;
			sourceTree = "<group>";
		};
		FBC14C041A90D66A00A3F283 /* Supporting Files */ = {
			isa = PBXGroup;
			children = (
				FBC14C051A90D66A00A3F283 /* Info.plist */,
			);
			name = "Supporting Files";
			sourceTree = "<group>";
		};
		FBDA0FDA1A913463000EF4E5 /* Frameworks */ = {
			isa = PBXGroup;
			children = (
				FBDA0FDB1A9134BA000EF4E5 /* Section05Views.framework */,
			);
			name = Frameworks;
			sourceTree = "<group>";
		};
/* End PBXGroup section */

/* Begin PBXNativeTarget section */
		FBC14BEA1A90D66A00A3F283 /* Section05 */ = {
			isa = PBXNativeTarget;
			buildConfigurationList = FBC14C0A1A90D66A00A3F283 /* Build configuration list for PBXNativeTarget "Section05" */;
			buildPhases = (
				FBC14BE71A90D66A00A3F283 /* Sources */,
				FBC14BE81A90D66A00A3F283 /* Frameworks */,
				FBC14BE91A90D66A00A3F283 /* Resources */,
			);
			buildRules = (
			);
			dependencies = (
			);
			name = Section05;
			productName = Section05;
			productReference = FBC14BEB1A90D66A00A3F283 /* Section05.app */;
			productType = "com.apple.product-type.application";
		};
		FBC14BFF1A90D66A00A3F283 /* Section05Tests */ = {
			isa = PBXNativeTarget;
			buildConfigurationList = FBC14C0D1A90D66A00A3F283 /* Build configuration list for PBXNativeTarget "Section05Tests" */;
			buildPhases = (
				FBC14BFC1A90D66A00A3F283 /* Sources */,
				FBC14BFD1A90D66A00A3F283 /* Frameworks */,
				FBC14BFE1A90D66A00A3F283 /* Resources */,
			);
			buildRules = (
			);
			dependencies = (
				FBC14C021A90D66A00A3F283 /* PBXTargetDependency */,
			);
			name = Section05Tests;
			productName = Section05Tests;
			productReference = FBC14C001A90D66A00A3F283 /* Section05Tests.xctest */;
			productType = "com.apple.product-type.bundle.unit-test";
		};
/* End PBXNativeTarget section */

/* Begin PBXProject section */
		FBC14BE31A90D66A00A3F283 /* Project object */ = {
			isa = PBXProject;
			attributes = {
				LastSwiftMigration = 0730;
				LastSwiftUpdateCheck = 0730;
				LastUpgradeCheck = 0630;
				ORGANIZATIONNAME = "ComputeCycles, LLC";
				TargetAttributes = {
					FBC14BEA1A90D66A00A3F283 = {
						CreatedOnToolsVersion = 6.3;
					};
					FBC14BFF1A90D66A00A3F283 = {
						CreatedOnToolsVersion = 6.3;
						TestTargetID = FBC14BEA1A90D66A00A3F283;
					};
				};
			};
			buildConfigurationList = FBC14BE61A90D66A00A3F283 /* Build configuration list for PBXProject "Section05" */;
			compatibilityVersion = "Xcode 3.2";
			developmentRegion = English;
			hasScannedForEncodings = 0;
			knownRegions = (
				en,
				Base,
			);
			mainGroup = FBC14BE21A90D66A00A3F283;
			productRefGroup = FBC14BEC1A90D66A00A3F283 /* Products */;
			projectDirPath = "";
			projectRoot = "";
			targets = (
				FBC14BEA1A90D66A00A3F283 /* Section05 */,
				FBC14BFF1A90D66A00A3F283 /* Section05Tests */,
			);
		};
/* End PBXProject section */

/* Begin PBXResourcesBuildPhase section */
		FBC14BE91A90D66A00A3F283 /* Resources */ = {
			isa = PBXResourcesBuildPhase;
			buildActionMask = 2147483647;
			files = (
				FBB37C691A9281BD00159B1F /* Statue.png in Resources */,
				FBB37C661A9281BD00159B1F /* Flowers.png in Resources */,
				FBB37C641A9281BD00159B1F /* City.png in Resources */,
				FBB37C681A9281BD00159B1F /* Snow.png in Resources */,
				FBC14BF61A90D66A00A3F283 /* Main.storyboard in Resources */,
				FBB37C631A9281BD00159B1F /* Building.png in Resources */,
				FBB37C6B1A9281BD00159B1F /* Trees.png in Resources */,
				FBB37C651A9281BD00159B1F /* Clouds.png in Resources */,
				FBC14BFB1A90D66A00A3F283 /* LaunchScreen.xib in Resources */,
				FBC14BF81A90D66A00A3F283 /* Images.xcassets in Resources */,
				FBB37C711A928A1200159B1F /* Compositor.xib in Resources */,
				FBB37C621A9281BD00159B1F /* Autumn.png in Resources */,
				FBB37C671A9281BD00159B1F /* River.png in Resources */,
				FBB37C6A1A9281BD00159B1F /* Sunrise.png in Resources */,
			);
			runOnlyForDeploymentPostprocessing = 0;
		};
		FBC14BFE1A90D66A00A3F283 /* Resources */ = {
			isa = PBXResourcesBuildPhase;
			buildActionMask = 2147483647;
			files = (
			);
			runOnlyForDeploymentPostprocessing = 0;
		};
/* End PBXResourcesBuildPhase section */

/* Begin PBXSourcesBuildPhase section */
		FBC14BE71A90D66A00A3F283 /* Sources */ = {
			isa = PBXSourcesBuildPhase;
			buildActionMask = 2147483647;
			files = (
				FBB37C751A92984700159B1F /* Utilities.swift in Sources */,
				FBB37C731A928E7D00159B1F /* ThreadedCompositingViewController.swift in Sources */,
				FBB37C541A92742200159B1F /* MainViewController.swift in Sources */,
				FBD75B8E1A94E4A80076DA90 /* GCDThreadingCompositingViewController.swift in Sources */,
				FBB37C6F1A92844700159B1F /* CompositingViewController.swift in Sources */,
				FBC14BF31A90D66A00A3F283 /* GraphViewController.swift in Sources */,
				FBC14BF11A90D66A00A3F283 /* AppDelegate.swift in Sources */,
			);
			runOnlyForDeploymentPostprocessing = 0;
		};
		FBC14BFC1A90D66A00A3F283 /* Sources */ = {
			isa = PBXSourcesBuildPhase;
			buildActionMask = 2147483647;
			files = (
				FBC14C071A90D66A00A3F283 /* Section05Tests.swift in Sources */,
			);
			runOnlyForDeploymentPostprocessing = 0;
		};
/* End PBXSourcesBuildPhase section */

/* Begin PBXTargetDependency section */
		FBC14C021A90D66A00A3F283 /* PBXTargetDependency */ = {
			isa = PBXTargetDependency;
			target = FBC14BEA1A90D66A00A3F283 /* Section05 */;
			targetProxy = FBC14C011A90D66A00A3F283 /* PBXContainerItemProxy */;
		};
/* End PBXTargetDependency section */

/* Begin PBXVariantGroup section */
		FBC14BF41A90D66A00A3F283 /* Main.storyboard */ = {
			isa = PBXVariantGroup;
			children = (
				FBC14BF51A90D66A00A3F283 /* Base */,
			);
			name = Main.storyboard;
			sourceTree = "<group>";
		};
		FBC14BF91A90D66A00A3F283 /* LaunchScreen.xib */ = {
			isa = PBXVariantGroup;
			children = (
				FBC14BFA1A90D66A00A3F283 /* Base */,
			);
			name = LaunchScreen.xib;
			sourceTree = "<group>";
		};
/* End PBXVariantGroup section */

/* Begin XCBuildConfiguration section */
		FBC14C081A90D66A00A3F283 /* Debug */ = {
			isa = XCBuildConfiguration;
			buildSettings = {
				ALWAYS_SEARCH_USER_PATHS = NO;
				CLANG_CXX_LANGUAGE_STANDARD = "gnu++0x";
				CLANG_CXX_LIBRARY = "libc++";
				CLANG_ENABLE_MODULES = YES;
				CLANG_ENABLE_OBJC_ARC = YES;
				CLANG_WARN_BOOL_CONVERSION = YES;
				CLANG_WARN_CONSTANT_CONVERSION = YES;
				CLANG_WARN_DIRECT_OBJC_ISA_USAGE = YES_ERROR;
				CLANG_WARN_EMPTY_BODY = YES;
				CLANG_WARN_ENUM_CONVERSION = YES;
				CLANG_WARN_INT_CONVERSION = YES;
				CLANG_WARN_OBJC_ROOT_CLASS = YES_ERROR;
				CLANG_WARN_UNREACHABLE_CODE = YES;
				CLANG_WARN__DUPLICATE_METHOD_MATCH = YES;
				"CODE_SIGN_IDENTITY[sdk=iphoneos*]" = "iPhone Developer";
				COPY_PHASE_STRIP = NO;
				DEBUG_INFORMATION_FORMAT = dwarf;
				ENABLE_STRICT_OBJC_MSGSEND = YES;
				GCC_C_LANGUAGE_STANDARD = gnu99;
				GCC_DYNAMIC_NO_PIC = NO;
				GCC_OPTIMIZATION_LEVEL = 0;
				GCC_PREPROCESSOR_DEFINITIONS = (
					"DEBUG=1",
					"$(inherited)",
				);
				GCC_SYMBOLS_PRIVATE_EXTERN = NO;
				GCC_WARN_64_TO_32_BIT_CONVERSION = YES;
				GCC_WARN_ABOUT_RETURN_TYPE = YES_ERROR;
				GCC_WARN_UNDECLARED_SELECTOR = YES;
				GCC_WARN_UNINITIALIZED_AUTOS = YES_AGGRESSIVE;
				GCC_WARN_UNUSED_FUNCTION = YES;
				GCC_WARN_UNUSED_VARIABLE = YES;
				IPHONEOS_DEPLOYMENT_TARGET = 8.3;
				MTL_ENABLE_DEBUG_INFO = YES;
				ONLY_ACTIVE_ARCH = YES;
				SDKROOT = iphoneos;
				SWIFT_OPTIMIZATION_LEVEL = "-Onone";
				TARGETED_DEVICE_FAMILY = "1,2";
			};
			name = Debug;
		};
		FBC14C091A90D66A00A3F283 /* Release */ = {
			isa = XCBuildConfiguration;
			buildSettings = {
				ALWAYS_SEARCH_USER_PATHS = NO;
				CLANG_CXX_LANGUAGE_STANDARD = "gnu++0x";
				CLANG_CXX_LIBRARY = "libc++";
				CLANG_ENABLE_MODULES = YES;
				CLANG_ENABLE_OBJC_ARC = YES;
				CLANG_WARN_BOOL_CONVERSION = YES;
				CLANG_WARN_CONSTANT_CONVERSION = YES;
				CLANG_WARN_DIRECT_OBJC_ISA_USAGE = YES_ERROR;
				CLANG_WARN_EMPTY_BODY = YES;
				CLANG_WARN_ENUM_CONVERSION = YES;
				CLANG_WARN_INT_CONVERSION = YES;
				CLANG_WARN_OBJC_ROOT_CLASS = YES_ERROR;
				CLANG_WARN_UNREACHABLE_CODE = YES;
				CLANG_WARN__DUPLICATE_METHOD_MATCH = YES;
				"CODE_SIGN_IDENTITY[sdk=iphoneos*]" = "iPhone Developer";
				COPY_PHASE_STRIP = NO;
				DEBUG_INFORMATION_FORMAT = "dwarf-with-dsym";
				ENABLE_NS_ASSERTIONS = NO;
				ENABLE_STRICT_OBJC_MSGSEND = YES;
				GCC_C_LANGUAGE_STANDARD = gnu99;
				GCC_WARN_64_TO_32_BIT_CONVERSION = YES;
				GCC_WARN_ABOUT_RETURN_TYPE = YES_ERROR;
				GCC_WARN_UNDECLARED_SELECTOR = YES;
				GCC_WARN_UNINITIALIZED_AUTOS = YES_AGGRESSIVE;
				GCC_WARN_UNUSED_FUNCTION = YES;
				GCC_WARN_UNUSED_VARIABLE = YES;
				IPHONEOS_DEPLOYMENT_TARGET = 8.3;
				MTL_ENABLE_DEBUG_INFO = NO;
				SDKROOT = iphoneos;
				TARGETED_DEVICE_FAMILY = "1,2";
				VALIDATE_PRODUCT = YES;
			};
			name = Release;
		};
		FBC14C0B1A90D66A00A3F283 /* Debug */ = {
			isa = XCBuildConfiguration;
			buildSettings = {
				ASSETCATALOG_COMPILER_APPICON_NAME = AppIcon;
				FRAMEWORK_SEARCH_PATHS = "$(inherited)";
				HEADER_SEARCH_PATHS = "$(inherited)";
				INFOPLIST_FILE = Section05/Info.plist;
				IPHONEOS_DEPLOYMENT_TARGET = 8.1;
				LD_RUNPATH_SEARCH_PATHS = "$(inherited) @executable_path/Frameworks";
				PRODUCT_NAME = "$(TARGET_NAME)";
			};
			name = Debug;
		};
		FBC14C0C1A90D66A00A3F283 /* Release */ = {
			isa = XCBuildConfiguration;
			buildSettings = {
				ASSETCATALOG_COMPILER_APPICON_NAME = AppIcon;
				FRAMEWORK_SEARCH_PATHS = "$(inherited)";
				HEADER_SEARCH_PATHS = "$(inherited)";
				INFOPLIST_FILE = Section05/Info.plist;
				IPHONEOS_DEPLOYMENT_TARGET = 8.1;
				LD_RUNPATH_SEARCH_PATHS = "$(inherited) @executable_path/Frameworks";
				PRODUCT_NAME = "$(TARGET_NAME)";
			};
			name = Release;
		};
		FBC14C0E1A90D66A00A3F283 /* Debug */ = {
			isa = XCBuildConfiguration;
			buildSettings = {
				BUNDLE_LOADER = "$(TEST_HOST)";
				FRAMEWORK_SEARCH_PATHS = (
					"$(SDKROOT)/Developer/Library/Frameworks",
					"$(inherited)",
				);
				GCC_PREPROCESSOR_DEFINITIONS = (
					"DEBUG=1",
					"$(inherited)",
				);
				INFOPLIST_FILE = Section05Tests/Info.plist;
				IPHONEOS_DEPLOYMENT_TARGET = 8.1;
				LD_RUNPATH_SEARCH_PATHS = "$(inherited) @executable_path/Frameworks @loader_path/Frameworks";
				PRODUCT_NAME = "$(TARGET_NAME)";
				TEST_HOST = "$(BUILT_PRODUCTS_DIR)/Section05.app/Section05";
			};
			name = Debug;
		};
		FBC14C0F1A90D66A00A3F283 /* Release */ = {
			isa = XCBuildConfiguration;
			buildSettings = {
				BUNDLE_LOADER = "$(TEST_HOST)";
				FRAMEWORK_SEARCH_PATHS = (
					"$(SDKROOT)/Developer/Library/Frameworks",
					"$(inherited)",
				);
				INFOPLIST_FILE = Section05Tests/Info.plist;
				IPHONEOS_DEPLOYMENT_TARGET = 8.1;
				LD_RUNPATH_SEARCH_PATHS = "$(inherited) @executable_path/Frameworks @loader_path/Frameworks";
				PRODUCT_NAME = "$(TARGET_NAME)";
				TEST_HOST = "$(BUILT_PRODUCTS_DIR)/Section05.app/Section05";
			};
			name = Release;
		};
/* End XCBuildConfiguration section */

/* Begin XCConfigurationList section */
		FBC14BE61A90D66A00A3F283 /* Build configuration list for PBXProject "Section05" */ = {
			isa = XCConfigurationList;
			buildConfigurations = (
				FBC14C081A90D66A00A3F283 /* Debug */,
				FBC14C091A90D66A00A3F283 /* Release */,
			);
			defaultConfigurationIsVisible = 0;
			defaultConfigurationName = Release;
		};
		FBC14C0A1A90D66A00A3F283 /* Build configuration list for PBXNativeTarget "Section05" */ = {
			isa = XCConfigurationList;
			buildConfigurations = (
				FBC14C0B1A90D66A00A3F283 /* Debug */,
				FBC14C0C1A90D66A00A3F283 /* Release */,
			);
			defaultConfigurationIsVisible = 0;
			defaultConfigurationName = Release;
		};
		FBC14C0D1A90D66A00A3F283 /* Build configuration list for PBXNativeTarget "Section05Tests" */ = {
			isa = XCConfigurationList;
			buildConfigurations = (
				FBC14C0E1A90D66A00A3F283 /* Debug */,
				FBC14C0F1A90D66A00A3F283 /* Release */,
			);
			defaultConfigurationIsVisible = 0;
			defaultConfigurationName = Release;
		};
/* End XCConfigurationList section */
	};
	rootObject = FBC14BE31A90D66A00A3F283 /* Project object */;
}
