// !$*UTF8*$!
{
	archiveVersion = 1;
	classes = {
	};
	objectVersion = 46;
	objects = {

/* Begin PBXBuildFile section */
		FB97CE3B1D46A3840022CC4A /* AppDelegate.swift in Sources */ = {isa = PBXBuildFile; fileRef = FB97CE3A1D46A3840022CC4A /* AppDelegate.swift */; };
		FB97CE3D1D46A3840022CC4A /* ViewController.swift in Sources */ = {isa = PBXBuildFile; fileRef = FB97CE3C1D46A3840022CC4A /* ViewController.swift */; };
		FB97CE401D46A3840022CC4A /* Main.storyboard in Resources */ = {isa = PBXBuildFile; fileRef = FB97CE3E1D46A3840022CC4A /* Main.storyboard */; };
		FB97CE421D46A3840022CC4A /* Assets.xcassets in Resources */ = {isa = PBXBuildFile; fileRef = FB97CE411D46A3840022CC4A /* Assets.xcassets */; };
		FB97CE451D46A3840022CC4A /* LaunchScreen.storyboard in Resources */ = {isa = PBXBuildFile; fileRef = FB97CE431D46A3840022CC4A /* LaunchScreen.storyboard */; };
		FB97CE4D1D46A51E0022CC4A /* Fetcher.swift in Sources */ = {isa = PBXBuildFile; fileRef = FB97CE4C1D46A51E0022CC4A /* Fetcher.swift */; };
/* End PBXBuildFile section */

/* Begin PBXFileReference section */
		FB97CE371D46A3840022CC4A /* Lecture10InClass.app */ = {isa = PBXFileReference; explicitFileType = wrapper.application; includeInIndex = 0; path = Lecture10InClass.app; sourceTree = BUILT_PRODUCTS_DIR; };
		FB97CE3A1D46A3840022CC4A /* AppDelegate.swift */ = {isa = PBXFileReference; lastKnownFileType = sourcecode.swift; path = AppDelegate.swift; sourceTree = "<group>"; };
		FB97CE3C1D46A3840022CC4A /* ViewController.swift */ = {isa = PBXFileReference; lastKnownFileType = sourcecode.swift; path = ViewController.swift; sourceTree = "<group>"; };
		FB97CE3F1D46A3840022CC4A /* Base */ = {isa = PBXFileReference; lastKnownFileType = file.storyboard; name = Base; path = Base.lproj/Main.storyboard; sourceTree = "<group>"; };
		FB97CE411D46A3840022CC4A /* Assets.xcassets */ = {isa = PBXFileReference; lastKnownFileType = folder.assetcatalog; path = Assets.xcassets; sourceTree = "<group>"; };
		FB97CE441D46A3840022CC4A /* Base */ = {isa = PBXFileReference; lastKnownFileType = file.storyboard; name = Base; path = Base.lproj/LaunchScreen.storyboard; sourceTree = "<group>"; };
		FB97CE461D46A3840022CC4A /* Info.plist */ = {isa = PBXFileReference; lastKnownFileType = text.plist.xml; path = Info.plist; sourceTree = "<group>"; };
		FB97CE4C1D46A51E0022CC4A /* Fetcher.swift */ = {isa = PBXFileReference; fileEncoding = 4; lastKnownFileType = sourcecode.swift; path = Fetcher.swift; sourceTree = "<group>"; };
/* End PBXFileReference section */

/* Begin PBXFrameworksBuildPhase section */
		FB97CE341D46A3840022CC4A /* Frameworks */ = {
			isa = PBXFrameworksBuildPhase;
			buildActionMask = 2147483647;
			files = (
			);
			runOnlyForDeploymentPostprocessing = 0;
		};
/* End PBXFrameworksBuildPhase section */

/* Begin PBXGroup section */
		FB97CE2E1D46A3840022CC4A = {
			isa = PBXGroup;
			children = (
				FB97CE391D46A3840022CC4A /* Lecture10InClass */,
				FB97CE381D46A3840022CC4A /* Products */,
			);
			sourceTree = "<group>";
		};
		FB97CE381D46A3840022CC4A /* Products */ = {
			isa = PBXGroup;
			children = (
				FB97CE371D46A3840022CC4A /* Lecture10InClass.app */,
			);
			name = Products;
			sourceTree = "<group>";
		};
		FB97CE391D46A3840022CC4A /* Lecture10InClass */ = {
			isa = PBXGroup;
			children = (
				FB97CE3A1D46A3840022CC4A /* AppDelegate.swift */,
				FB97CE3C1D46A3840022CC4A /* ViewController.swift */,
				FB97CE4C1D46A51E0022CC4A /* Fetcher.swift */,
				FB97CE3E1D46A3840022CC4A /* Main.storyboard */,
				FB97CE411D46A3840022CC4A /* Assets.xcassets */,
				FB97CE431D46A3840022CC4A /* LaunchScreen.storyboard */,
				FB97CE461D46A3840022CC4A /* Info.plist */,
			);
			path = Lecture10InClass;
			sourceTree = "<group>";
		};
/* End PBXGroup section */

/* Begin PBXNativeTarget section */
		FB97CE361D46A3840022CC4A /* Lecture10InClass */ = {
			isa = PBXNativeTarget;
			buildConfigurationList = FB97CE491D46A3840022CC4A /* Build configuration list for PBXNativeTarget "Lecture10InClass" */;
			buildPhases = (
				FB97CE331D46A3840022CC4A /* Sources */,
				FB97CE341D46A3840022CC4A /* Frameworks */,
				FB97CE351D46A3840022CC4A /* Resources */,
			);
			buildRules = (
			);
			dependencies = (
			);
			name = Lecture10InClass;
			productName = Lecture10InClass;
			productReference = FB97CE371D46A3840022CC4A /* Lecture10InClass.app */;
			productType = "com.apple.product-type.application";
		};
/* End PBXNativeTarget section */

/* Begin PBXProject section */
		FB97CE2F1D46A3840022CC4A /* Project object */ = {
			isa = PBXProject;
			attributes = {
				LastSwiftUpdateCheck = 0730;
				LastUpgradeCheck = 0730;
				ORGANIZATIONNAME = S65g;
				TargetAttributes = {
					FB97CE361D46A3840022CC4A = {
						CreatedOnToolsVersion = 7.3.1;
					};
				};
			};
			buildConfigurationList = FB97CE321D46A3840022CC4A /* Build configuration list for PBXProject "Lecture10InClass" */;
			compatibilityVersion = "Xcode 3.2";
			developmentRegion = English;
			hasScannedForEncodings = 0;
			knownRegions = (
				en,
				Base,
			);
			mainGroup = FB97CE2E1D46A3840022CC4A;
			productRefGroup = FB97CE381D46A3840022CC4A /* Products */;
			projectDirPath = "";
			projectRoot = "";
			targets = (
				FB97CE361D46A3840022CC4A /* Lecture10InClass */,
			);
		};
/* End PBXProject section */

/* Begin PBXResourcesBuildPhase section */
		FB97CE351D46A3840022CC4A /* Resources */ = {
			isa = PBXResourcesBuildPhase;
			buildActionMask = 2147483647;
			files = (
				FB97CE451D46A3840022CC4A /* LaunchScreen.storyboard in Resources */,
				FB97CE421D46A3840022CC4A /* Assets.xcassets in Resources */,
				FB97CE401D46A3840022CC4A /* Main.storyboard in Resources */,
			);
			runOnlyForDeploymentPostprocessing = 0;
		};
/* End PBXResourcesBuildPhase section */

/* Begin PBXSourcesBuildPhase section */
		FB97CE331D46A3840022CC4A /* Sources */ = {
			isa = PBXSourcesBuildPhase;
			buildActionMask = 2147483647;
			files = (
				FB97CE3D1D46A3840022CC4A /* ViewController.swift in Sources */,
				FB97CE3B1D46A3840022CC4A /* AppDelegate.swift in Sources */,
				FB97CE4D1D46A51E0022CC4A /* Fetcher.swift in Sources */,
			);
			runOnlyForDeploymentPostprocessing = 0;
		};
/* End PBXSourcesBuildPhase section */

/* Begin PBXVariantGroup section */
		FB97CE3E1D46A3840022CC4A /* Main.storyboard */ = {
			isa = PBXVariantGroup;
			children = (
				FB97CE3F1D46A3840022CC4A /* Base */,
			);
			name = Main.storyboard;
			sourceTree = "<group>";
		};
		FB97CE431D46A3840022CC4A /* LaunchScreen.storyboard */ = {
			isa = PBXVariantGroup;
			children = (
				FB97CE441D46A3840022CC4A /* Base */,
			);
			name = LaunchScreen.storyboard;
			sourceTree = "<group>";
		};
/* End PBXVariantGroup section */

/* Begin XCBuildConfiguration section */
		FB97CE471D46A3840022CC4A /* Debug */ = {
			isa = XCBuildConfiguration;
			buildSettings = {
				ALWAYS_SEARCH_USER_PATHS = NO;
				CLANG_ANALYZER_NONNULL = YES;
				CLANG_CXX_LANGUAGE_STANDARD = "gnu++0x";
				CLANG_CXX_LIBRARY = "libc++";
				CLANG_ENABLE_MODULES = YES;
				CLANG_ENABLE_OBJC_ARC = YES;
				CLANG_WARN_BOOL_CONVERSION = YES;
				CLANG_WARN_CONSTANT_CONVERSION = YES;
				CLANG_WARN_DIRECT_OBJC_ISA_USAGE = YES_ERROR;
				CLANG_WARN_EMPTY_BODY = YES;
				CLANG_WARN_ENUM_CONVERSION = YES;
				CLANG_WARN_INT_CONVERSION = YES;
				CLANG_WARN_OBJC_ROOT_CLASS = YES_ERROR;
				CLANG_WARN_UNREACHABLE_CODE = YES;
				CLANG_WARN__DUPLICATE_METHOD_MATCH = YES;
				"CODE_SIGN_IDENTITY[sdk=iphoneos*]" = "iPhone Developer";
				COPY_PHASE_STRIP = NO;
				DEBUG_INFORMATION_FORMAT = dwarf;
				ENABLE_STRICT_OBJC_MSGSEND = YES;
				ENABLE_TESTABILITY = YES;
				GCC_C_LANGUAGE_STANDARD = gnu99;
				GCC_DYNAMIC_NO_PIC = NO;
				GCC_NO_COMMON_BLOCKS = YES;
				GCC_OPTIMIZATION_LEVEL = 0;
				GCC_PREPROCESSOR_DEFINITIONS = (
					"DEBUG=1",
					"$(inherited)",
				);
				GCC_WARN_64_TO_32_BIT_CONVERSION = YES;
				GCC_WARN_ABOUT_RETURN_TYPE = YES_ERROR;
				GCC_WARN_UNDECLARED_SELECTOR = YES;
				GCC_WARN_UNINITIALIZED_AUTOS = YES_AGGRESSIVE;
				GCC_WARN_UNUSED_FUNCTION = YES;
				GCC_WARN_UNUSED_VARIABLE = YES;
				IPHONEOS_DEPLOYMENT_TARGET = 9.3;
				MTL_ENABLE_DEBUG_INFO = YES;
				ONLY_ACTIVE_ARCH = YES;
				SDKROOT = iphoneos;
				SWIFT_OPTIMIZATION_LEVEL = "-Onone";
				TARGETED_DEVICE_FAMILY = "1,2";
			};
			name = Debug;
		};
		FB97CE481D46A3840022CC4A /* Release */ = {
			isa = XCBuildConfiguration;
			buildSettings = {
				ALWAYS_SEARCH_USER_PATHS = NO;
				CLANG_ANALYZER_NONNULL = YES;
				CLANG_CXX_LANGUAGE_STANDARD = "gnu++0x";
				CLANG_CXX_LIBRARY = "libc++";
				CLANG_ENABLE_MODULES = YES;
				CLANG_ENABLE_OBJC_ARC = YES;
				CLANG_WARN_BOOL_CONVERSION = YES;
				CLANG_WARN_CONSTANT_CONVERSION = YES;
				CLANG_WARN_DIRECT_OBJC_ISA_USAGE = YES_ERROR;
				CLANG_WARN_EMPTY_BODY = YES;
				CLANG_WARN_ENUM_CONVERSION = YES;
				CLANG_WARN_INT_CONVERSION = YES;
				CLANG_WARN_OBJC_ROOT_CLASS = YES_ERROR;
				CLANG_WARN_UNREACHABLE_CODE = YES;
				CLANG_WARN__DUPLICATE_METHOD_MATCH = YES;
				"CODE_SIGN_IDENTITY[sdk=iphoneos*]" = "iPhone Developer";
				COPY_PHASE_STRIP = NO;
				DEBUG_INFORMATION_FORMAT = "dwarf-with-dsym";
				ENABLE_NS_ASSERTIONS = NO;
				ENABLE_STRICT_OBJC_MSGSEND = YES;
				GCC_C_LANGUAGE_STANDARD = gnu99;
				GCC_NO_COMMON_BLOCKS = YES;
				GCC_WARN_64_TO_32_BIT_CONVERSION = YES;
				GCC_WARN_ABOUT_RETURN_TYPE = YES_ERROR;
				GCC_WARN_UNDECLARED_SELECTOR = YES;
				GCC_WARN_UNINITIALIZED_AUTOS = YES_AGGRESSIVE;
				GCC_WARN_UNUSED_FUNCTION = YES;
				GCC_WARN_UNUSED_VARIABLE = YES;
				IPHONEOS_DEPLOYMENT_TARGET = 9.3;
				MTL_ENABLE_DEBUG_INFO = NO;
				SDKROOT = iphoneos;
				TARGETED_DEVICE_FAMILY = "1,2";
				VALIDATE_PRODUCT = YES;
			};
			name = Release;
		};
		FB97CE4A1D46A3840022CC4A /* Debug */ = {
			isa = XCBuildConfiguration;
			buildSettings = {
				ASSETCATALOG_COMPILER_APPICON_NAME = AppIcon;
				INFOPLIST_FILE = Lecture10InClass/Info.plist;
				LD_RUNPATH_SEARCH_PATHS = "$(inherited) @executable_path/Frameworks";
				PRODUCT_BUNDLE_IDENTIFIER = edu.harvard.s65g.Lecture10InClass;
				PRODUCT_NAME = "$(TARGET_NAME)";
			};
			name = Debug;
		};
		FB97CE4B1D46A3840022CC4A /* Release */ = {
			isa = XCBuildConfiguration;
			buildSettings = {
				ASSETCATALOG_COMPILER_APPICON_NAME = AppIcon;
				INFOPLIST_FILE = Lecture10InClass/Info.plist;
				LD_RUNPATH_SEARCH_PATHS = "$(inherited) @executable_path/Frameworks";
				PRODUCT_BUNDLE_IDENTIFIER = edu.harvard.s65g.Lecture10InClass;
				PRODUCT_NAME = "$(TARGET_NAME)";
			};
			name = Release;
		};
/* End XCBuildConfiguration section */

/* Begin XCConfigurationList section */
		FB97CE321D46A3840022CC4A /* Build configuration list for PBXProject "Lecture10InClass" */ = {
			isa = XCConfigurationList;
			buildConfigurations = (
				FB97CE471D46A3840022CC4A /* Debug */,
				FB97CE481D46A3840022CC4A /* Release */,
			);
			defaultConfigurationIsVisible = 0;
			defaultConfigurationName = Release;
		};
		FB97CE491D46A3840022CC4A /* Build configuration list for PBXNativeTarget "Lecture10InClass" */ = {
			isa = XCConfigurationList;
			buildConfigurations = (
				FB97CE4A1D46A3840022CC4A /* Debug */,
				FB97CE4B1D46A3840022CC4A /* Release */,
			);
			defaultConfigurationIsVisible = 0;
		};
/* End XCConfigurationList section */
	};
	rootObject = FB97CE2F1D46A3840022CC4A /* Project object */;
}
