// !$*UTF8*$!
{
	archiveVersion = 1;
	classes = {
	};
	objectVersion = 46;
	objects = {

/* Begin PBXBuildFile section */
		016622131D18BFDE00A04C98 /* AppDelegate.swift in Sources */ = {isa = PBXBuildFile; fileRef = 016622121D18BFDE00A04C98 /* AppDelegate.swift */; };
		016622151D18BFDE00A04C98 /* FirstViewController.swift in Sources */ = {isa = PBXBuildFile; fileRef = 016622141D18BFDE00A04C98 /* FirstViewController.swift */; };
		016622171D18BFDE00A04C98 /* SecondViewController.swift in Sources */ = {isa = PBXBuildFile; fileRef = 016622161D18BFDE00A04C98 /* SecondViewController.swift */; };
		0166221A1D18BFDE00A04C98 /* Main.storyboard in Resources */ = {isa = PBXBuildFile; fileRef = 016622181D18BFDE00A04C98 /* Main.storyboard */; };
		0166221C1D18BFDE00A04C98 /* Assets.xcassets in Resources */ = {isa = PBXBuildFile; fileRef = 0166221B1D18BFDE00A04C98 /* Assets.xcassets */; };
		0166221F1D18BFDE00A04C98 /* LaunchScreen.storyboard in Resources */ = {isa = PBXBuildFile; fileRef = 0166221D1D18BFDE00A04C98 /* LaunchScreen.storyboard */; };
/* End PBXBuildFile section */

/* Begin PBXFileReference section */
		0166220F1D18BFDE00A04C98 /* Assignment #1.app */ = {isa = PBXFileReference; explicitFileType = wrapper.application; includeInIndex = 0; path = "Assignment #1.app"; sourceTree = BUILT_PRODUCTS_DIR; };
		016622121D18BFDE00A04C98 /* AppDelegate.swift */ = {isa = PBXFileReference; lastKnownFileType = sourcecode.swift; path = AppDelegate.swift; sourceTree = "<group>"; };
		016622141D18BFDE00A04C98 /* FirstViewController.swift */ = {isa = PBXFileReference; lastKnownFileType = sourcecode.swift; path = FirstViewController.swift; sourceTree = "<group>"; };
		016622161D18BFDE00A04C98 /* SecondViewController.swift */ = {isa = PBXFileReference; lastKnownFileType = sourcecode.swift; path = SecondViewController.swift; sourceTree = "<group>"; };
		016622191D18BFDE00A04C98 /* Base */ = {isa = PBXFileReference; lastKnownFileType = file.storyboard; name = Base; path = Base.lproj/Main.storyboard; sourceTree = "<group>"; };
		0166221B1D18BFDE00A04C98 /* Assets.xcassets */ = {isa = PBXFileReference; lastKnownFileType = folder.assetcatalog; path = Assets.xcassets; sourceTree = "<group>"; };
		0166221E1D18BFDE00A04C98 /* Base */ = {isa = PBXFileReference; lastKnownFileType = file.storyboard; name = Base; path = Base.lproj/LaunchScreen.storyboard; sourceTree = "<group>"; };
		016622201D18BFDE00A04C98 /* Info.plist */ = {isa = PBXFileReference; lastKnownFileType = text.plist.xml; path = Info.plist; sourceTree = "<group>"; };
/* End PBXFileReference section */

/* Begin PBXFrameworksBuildPhase section */
		0166220C1D18BFDE00A04C98 /* Frameworks */ = {
			isa = PBXFrameworksBuildPhase;
			buildActionMask = 2147483647;
			files = (
			);
			runOnlyForDeploymentPostprocessing = 0;
		};
/* End PBXFrameworksBuildPhase section */

/* Begin PBXGroup section */
		016622061D18BFDE00A04C98 = {
			isa = PBXGroup;
			children = (
				016622111D18BFDE00A04C98 /* Assignment #1 */,
				016622101D18BFDE00A04C98 /* Products */,
			);
			sourceTree = "<group>";
		};
		016622101D18BFDE00A04C98 /* Products */ = {
			isa = PBXGroup;
			children = (
				0166220F1D18BFDE00A04C98 /* Assignment #1.app */,
			);
			name = Products;
			sourceTree = "<group>";
		};
		016622111D18BFDE00A04C98 /* Assignment #1 */ = {
			isa = PBXGroup;
			children = (
				016622121D18BFDE00A04C98 /* AppDelegate.swift */,
				016622141D18BFDE00A04C98 /* FirstViewController.swift */,
				016622161D18BFDE00A04C98 /* SecondViewController.swift */,
				016622181D18BFDE00A04C98 /* Main.storyboard */,
				0166221B1D18BFDE00A04C98 /* Assets.xcassets */,
				0166221D1D18BFDE00A04C98 /* LaunchScreen.storyboard */,
				016622201D18BFDE00A04C98 /* Info.plist */,
			);
			path = "Assignment #1";
			sourceTree = "<group>";
		};
/* End PBXGroup section */

/* Begin PBXNativeTarget section */
		0166220E1D18BFDE00A04C98 /* Assignment #1 */ = {
			isa = PBXNativeTarget;
			buildConfigurationList = 016622231D18BFDE00A04C98 /* Build configuration list for PBXNativeTarget "Assignment #1" */;
			buildPhases = (
				0166220B1D18BFDE00A04C98 /* Sources */,
				0166220C1D18BFDE00A04C98 /* Frameworks */,
				0166220D1D18BFDE00A04C98 /* Resources */,
			);
			buildRules = (
			);
			dependencies = (
			);
			name = "Assignment #1";
			productName = "Assignment #1";
			productReference = 0166220F1D18BFDE00A04C98 /* Assignment #1.app */;
			productType = "com.apple.product-type.application";
		};
/* End PBXNativeTarget section */

/* Begin PBXProject section */
		016622071D18BFDE00A04C98 /* Project object */ = {
			isa = PBXProject;
			attributes = {
				LastSwiftUpdateCheck = 0730;
				LastUpgradeCheck = 0730;
				ORGANIZATIONNAME = "Trident Advisors";
				TargetAttributes = {
					0166220E1D18BFDE00A04C98 = {
						CreatedOnToolsVersion = 7.3.1;
					};
				};
			};
			buildConfigurationList = 0166220A1D18BFDE00A04C98 /* Build configuration list for PBXProject "Assignment #1" */;
			compatibilityVersion = "Xcode 3.2";
			developmentRegion = English;
			hasScannedForEncodings = 0;
			knownRegions = (
				en,
				Base,
			);
			mainGroup = 016622061D18BFDE00A04C98;
			productRefGroup = 016622101D18BFDE00A04C98 /* Products */;
			projectDirPath = "";
			projectRoot = "";
			targets = (
				0166220E1D18BFDE00A04C98 /* Assignment #1 */,
			);
		};
/* End PBXProject section */

/* Begin PBXResourcesBuildPhase section */
		0166220D1D18BFDE00A04C98 /* Resources */ = {
			isa = PBXResourcesBuildPhase;
			buildActionMask = 2147483647;
			files = (
				0166221F1D18BFDE00A04C98 /* LaunchScreen.storyboard in Resources */,
				0166221C1D18BFDE00A04C98 /* Assets.xcassets in Resources */,
				0166221A1D18BFDE00A04C98 /* Main.storyboard in Resources */,
			);
			runOnlyForDeploymentPostprocessing = 0;
		};
/* End PBXResourcesBuildPhase section */

/* Begin PBXSourcesBuildPhase section */
		0166220B1D18BFDE00A04C98 /* Sources */ = {
			isa = PBXSourcesBuildPhase;
			buildActionMask = 2147483647;
			files = (
				016622171D18BFDE00A04C98 /* SecondViewController.swift in Sources */,
				016622131D18BFDE00A04C98 /* AppDelegate.swift in Sources */,
				016622151D18BFDE00A04C98 /* FirstViewController.swift in Sources */,
			);
			runOnlyForDeploymentPostprocessing = 0;
		};
/* End PBXSourcesBuildPhase section */

/* Begin PBXVariantGroup section */
		016622181D18BFDE00A04C98 /* Main.storyboard */ = {
			isa = PBXVariantGroup;
			children = (
				016622191D18BFDE00A04C98 /* Base */,
			);
			name = Main.storyboard;
			sourceTree = "<group>";
		};
		0166221D1D18BFDE00A04C98 /* LaunchScreen.storyboard */ = {
			isa = PBXVariantGroup;
			children = (
				0166221E1D18BFDE00A04C98 /* Base */,
			);
			name = LaunchScreen.storyboard;
			sourceTree = "<group>";
		};
/* End PBXVariantGroup section */

/* Begin XCBuildConfiguration section */
		016622211D18BFDE00A04C98 /* Debug */ = {
			isa = XCBuildConfiguration;
			buildSettings = {
				ALWAYS_SEARCH_USER_PATHS = NO;
				CLANG_ANALYZER_NONNULL = YES;
				CLANG_CXX_LANGUAGE_STANDARD = "gnu++0x";
				CLANG_CXX_LIBRARY = "libc++";
				CLANG_ENABLE_MODULES = YES;
				CLANG_ENABLE_OBJC_ARC = YES;
				CLANG_WARN_BOOL_CONVERSION = YES;
				CLANG_WARN_CONSTANT_CONVERSION = YES;
				CLANG_WARN_DIRECT_OBJC_ISA_USAGE = YES_ERROR;
				CLANG_WARN_EMPTY_BODY = YES;
				CLANG_WARN_ENUM_CONVERSION = YES;
				CLANG_WARN_INT_CONVERSION = YES;
				CLANG_WARN_OBJC_ROOT_CLASS = YES_ERROR;
				CLANG_WARN_UNREACHABLE_CODE = YES;
				CLANG_WARN__DUPLICATE_METHOD_MATCH = YES;
				"CODE_SIGN_IDENTITY[sdk=iphoneos*]" = "iPhone Developer";
				COPY_PHASE_STRIP = NO;
				DEBUG_INFORMATION_FORMAT = dwarf;
				ENABLE_STRICT_OBJC_MSGSEND = YES;
				ENABLE_TESTABILITY = YES;
				GCC_C_LANGUAGE_STANDARD = gnu99;
				GCC_DYNAMIC_NO_PIC = NO;
				GCC_NO_COMMON_BLOCKS = YES;
				GCC_OPTIMIZATION_LEVEL = 0;
				GCC_PREPROCESSOR_DEFINITIONS = (
					"DEBUG=1",
					"$(inherited)",
				);
				GCC_WARN_64_TO_32_BIT_CONVERSION = YES;
				GCC_WARN_ABOUT_RETURN_TYPE = YES_ERROR;
				GCC_WARN_UNDECLARED_SELECTOR = YES;
				GCC_WARN_UNINITIALIZED_AUTOS = YES_AGGRESSIVE;
				GCC_WARN_UNUSED_FUNCTION = YES;
				GCC_WARN_UNUSED_VARIABLE = YES;
				IPHONEOS_DEPLOYMENT_TARGET = 9.3;
				MTL_ENABLE_DEBUG_INFO = YES;
				ONLY_ACTIVE_ARCH = YES;
				SDKROOT = iphoneos;
				SWIFT_OPTIMIZATION_LEVEL = "-Onone";
				TARGETED_DEVICE_FAMILY = "1,2";
			};
			name = Debug;
		};
		016622221D18BFDE00A04C98 /* Release */ = {
			isa = XCBuildConfiguration;
			buildSettings = {
				ALWAYS_SEARCH_USER_PATHS = NO;
				CLANG_ANALYZER_NONNULL = YES;
				CLANG_CXX_LANGUAGE_STANDARD = "gnu++0x";
				CLANG_CXX_LIBRARY = "libc++";
				CLANG_ENABLE_MODULES = YES;
				CLANG_ENABLE_OBJC_ARC = YES;
				CLANG_WARN_BOOL_CONVERSION = YES;
				CLANG_WARN_CONSTANT_CONVERSION = YES;
				CLANG_WARN_DIRECT_OBJC_ISA_USAGE = YES_ERROR;
				CLANG_WARN_EMPTY_BODY = YES;
				CLANG_WARN_ENUM_CONVERSION = YES;
				CLANG_WARN_INT_CONVERSION = YES;
				CLANG_WARN_OBJC_ROOT_CLASS = YES_ERROR;
				CLANG_WARN_UNREACHABLE_CODE = YES;
				CLANG_WARN__DUPLICATE_METHOD_MATCH = YES;
				"CODE_SIGN_IDENTITY[sdk=iphoneos*]" = "iPhone Developer";
				COPY_PHASE_STRIP = NO;
				DEBUG_INFORMATION_FORMAT = "dwarf-with-dsym";
				ENABLE_NS_ASSERTIONS = NO;
				ENABLE_STRICT_OBJC_MSGSEND = YES;
				GCC_C_LANGUAGE_STANDARD = gnu99;
				GCC_NO_COMMON_BLOCKS = YES;
				GCC_WARN_64_TO_32_BIT_CONVERSION = YES;
				GCC_WARN_ABOUT_RETURN_TYPE = YES_ERROR;
				GCC_WARN_UNDECLARED_SELECTOR = YES;
				GCC_WARN_UNINITIALIZED_AUTOS = YES_AGGRESSIVE;
				GCC_WARN_UNUSED_FUNCTION = YES;
				GCC_WARN_UNUSED_VARIABLE = YES;
				IPHONEOS_DEPLOYMENT_TARGET = 9.3;
				MTL_ENABLE_DEBUG_INFO = NO;
				SDKROOT = iphoneos;
				TARGETED_DEVICE_FAMILY = "1,2";
				VALIDATE_PRODUCT = YES;
			};
			name = Release;
		};
		016622241D18BFDE00A04C98 /* Debug */ = {
			isa = XCBuildConfiguration;
			buildSettings = {
				ASSETCATALOG_COMPILER_APPICON_NAME = AppIcon;
				INFOPLIST_FILE = "Assignment #1/Info.plist";
				LD_RUNPATH_SEARCH_PATHS = "$(inherited) @executable_path/Frameworks";
				PRODUCT_BUNDLE_IDENTIFIER = "com.finenibs.Assignment--1";
				PRODUCT_NAME = "$(TARGET_NAME)";
			};
			name = Debug;
		};
		016622251D18BFDE00A04C98 /* Release */ = {
			isa = XCBuildConfiguration;
			buildSettings = {
				ASSETCATALOG_COMPILER_APPICON_NAME = AppIcon;
				INFOPLIST_FILE = "Assignment #1/Info.plist";
				LD_RUNPATH_SEARCH_PATHS = "$(inherited) @executable_path/Frameworks";
				PRODUCT_BUNDLE_IDENTIFIER = "com.finenibs.Assignment--1";
				PRODUCT_NAME = "$(TARGET_NAME)";
			};
			name = Release;
		};
/* End XCBuildConfiguration section */

/* Begin XCConfigurationList section */
		0166220A1D18BFDE00A04C98 /* Build configuration list for PBXProject "Assignment #1" */ = {
			isa = XCConfigurationList;
			buildConfigurations = (
				016622211D18BFDE00A04C98 /* Debug */,
				016622221D18BFDE00A04C98 /* Release */,
			);
			defaultConfigurationIsVisible = 0;
			defaultConfigurationName = Release;
		};
		016622231D18BFDE00A04C98 /* Build configuration list for PBXNativeTarget "Assignment #1" */ = {
			isa = XCConfigurationList;
			buildConfigurations = (
				016622241D18BFDE00A04C98 /* Debug */,
				016622251D18BFDE00A04C98 /* Release */,
			);
			defaultConfigurationIsVisible = 0;
		};
/* End XCConfigurationList section */
	};
	rootObject = 016622071D18BFDE00A04C98 /* Project object */;
}
