// !$*UTF8*$!
{
	archiveVersion = 1;
	classes = {
	};
	objectVersion = 46;
	objects = {

/* Begin PBXBuildFile section */
		FB97CDD51D441B610022CC4A /* AppDelegate.swift in Sources */ = {isa = PBXBuildFile; fileRef = FB97CDD41D441B610022CC4A /* AppDelegate.swift */; };
		FB97CDD71D441B610022CC4A /* InstrumentationViewController.swift in Sources */ = {isa = PBXBuildFile; fileRef = FB97CDD61D441B610022CC4A /* InstrumentationViewController.swift */; };
		FB97CDD91D441B610022CC4A /* SimulationViewController.swift in Sources */ = {isa = PBXBuildFile; fileRef = FB97CDD81D441B610022CC4A /* SimulationViewController.swift */; };
		FB97CDDC1D441B610022CC4A /* Main.storyboard in Resources */ = {isa = PBXBuildFile; fileRef = FB97CDDA1D441B610022CC4A /* Main.storyboard */; };
		FB97CDDE1D441B610022CC4A /* Assets.xcassets in Resources */ = {isa = PBXBuildFile; fileRef = FB97CDDD1D441B610022CC4A /* Assets.xcassets */; };
		FB97CDE11D441B610022CC4A /* LaunchScreen.storyboard in Resources */ = {isa = PBXBuildFile; fileRef = FB97CDDF1D441B610022CC4A /* LaunchScreen.storyboard */; };
		FB97CDEC1D441B610022CC4A /* ProjectPrototypeTests.swift in Sources */ = {isa = PBXBuildFile; fileRef = FB97CDEB1D441B610022CC4A /* ProjectPrototypeTests.swift */; };
		FB97CDF71D44249F0022CC4A /* Engine.swift in Sources */ = {isa = PBXBuildFile; fileRef = FB97CDF61D44249F0022CC4A /* Engine.swift */; };
		FB97CDF91D4424C90022CC4A /* StatisticsViewController.swift in Sources */ = {isa = PBXBuildFile; fileRef = FB97CDF81D4424C90022CC4A /* StatisticsViewController.swift */; };
		FB97CDFB1D4439FF0022CC4A /* ConfigurationViewController.swift in Sources */ = {isa = PBXBuildFile; fileRef = FB97CDFA1D4439FF0022CC4A /* ConfigurationViewController.swift */; };
		FB97CDFD1D443A450022CC4A /* ConfigurationEditorViewController.swift in Sources */ = {isa = PBXBuildFile; fileRef = FB97CDFC1D443A450022CC4A /* ConfigurationEditorViewController.swift */; };
		FB97CDFF1D443A8D0022CC4A /* GridView.swift in Sources */ = {isa = PBXBuildFile; fileRef = FB97CDFE1D443A8D0022CC4A /* GridView.swift */; };
/* End PBXBuildFile section */

/* Begin PBXContainerItemProxy section */
		FB97CDE81D441B610022CC4A /* PBXContainerItemProxy */ = {
			isa = PBXContainerItemProxy;
			containerPortal = FB97CDC91D441B610022CC4A /* Project object */;
			proxyType = 1;
			remoteGlobalIDString = FB97CDD01D441B610022CC4A;
			remoteInfo = ProjectPrototype;
		};
/* End PBXContainerItemProxy section */

/* Begin PBXFileReference section */
		FB97CDD11D441B610022CC4A /* FinalProject.app */ = {isa = PBXFileReference; explicitFileType = wrapper.application; includeInIndex = 0; path = FinalProject.app; sourceTree = BUILT_PRODUCTS_DIR; };
		FB97CDD41D441B610022CC4A /* AppDelegate.swift */ = {isa = PBXFileReference; lastKnownFileType = sourcecode.swift; lineEnding = 0; path = AppDelegate.swift; sourceTree = "<group>"; xcLanguageSpecificationIdentifier = xcode.lang.swift; };
		FB97CDD61D441B610022CC4A /* InstrumentationViewController.swift */ = {isa = PBXFileReference; lastKnownFileType = sourcecode.swift; path = InstrumentationViewController.swift; sourceTree = "<group>"; };
		FB97CDD81D441B610022CC4A /* SimulationViewController.swift */ = {isa = PBXFileReference; lastKnownFileType = sourcecode.swift; path = SimulationViewController.swift; sourceTree = "<group>"; };
		FB97CDDB1D441B610022CC4A /* Base */ = {isa = PBXFileReference; lastKnownFileType = file.storyboard; name = Base; path = Base.lproj/Main.storyboard; sourceTree = "<group>"; };
		FB97CDDD1D441B610022CC4A /* Assets.xcassets */ = {isa = PBXFileReference; lastKnownFileType = folder.assetcatalog; path = Assets.xcassets; sourceTree = "<group>"; };
		FB97CDE01D441B610022CC4A /* Base */ = {isa = PBXFileReference; lastKnownFileType = file.storyboard; name = Base; path = Base.lproj/LaunchScreen.storyboard; sourceTree = "<group>"; };
		FB97CDE21D441B610022CC4A /* Info.plist */ = {isa = PBXFileReference; lastKnownFileType = text.plist.xml; path = Info.plist; sourceTree = "<group>"; };
		FB97CDE71D441B610022CC4A /* FinalProject.xctest */ = {isa = PBXFileReference; explicitFileType = wrapper.cfbundle; includeInIndex = 0; path = FinalProject.xctest; sourceTree = BUILT_PRODUCTS_DIR; };
		FB97CDEB1D441B610022CC4A /* ProjectPrototypeTests.swift */ = {isa = PBXFileReference; lastKnownFileType = sourcecode.swift; lineEnding = 0; path = ProjectPrototypeTests.swift; sourceTree = "<group>"; xcLanguageSpecificationIdentifier = xcode.lang.swift; };
		FB97CDED1D441B610022CC4A /* Info.plist */ = {isa = PBXFileReference; lastKnownFileType = text.plist.xml; path = Info.plist; sourceTree = "<group>"; };
		FB97CDF61D44249F0022CC4A /* Engine.swift */ = {isa = PBXFileReference; fileEncoding = 4; lastKnownFileType = sourcecode.swift; path = Engine.swift; sourceTree = "<group>"; };
		FB97CDF81D4424C90022CC4A /* StatisticsViewController.swift */ = {isa = PBXFileReference; fileEncoding = 4; lastKnownFileType = sourcecode.swift; path = StatisticsViewController.swift; sourceTree = "<group>"; };
		FB97CDFA1D4439FF0022CC4A /* ConfigurationViewController.swift */ = {isa = PBXFileReference; fileEncoding = 4; lastKnownFileType = sourcecode.swift; lineEnding = 0; path = ConfigurationViewController.swift; sourceTree = "<group>"; xcLanguageSpecificationIdentifier = xcode.lang.swift; };
		FB97CDFC1D443A450022CC4A /* ConfigurationEditorViewController.swift */ = {isa = PBXFileReference; fileEncoding = 4; lastKnownFileType = sourcecode.swift; lineEnding = 0; path = ConfigurationEditorViewController.swift; sourceTree = "<group>"; xcLanguageSpecificationIdentifier = xcode.lang.swift; };
		FB97CDFE1D443A8D0022CC4A /* GridView.swift */ = {isa = PBXFileReference; fileEncoding = 4; lastKnownFileType = sourcecode.swift; lineEnding = 0; path = GridView.swift; sourceTree = "<group>"; xcLanguageSpecificationIdentifier = xcode.lang.swift; };
/* End PBXFileReference section */

/* Begin PBXFrameworksBuildPhase section */
		FB97CDCE1D441B610022CC4A /* Frameworks */ = {
			isa = PBXFrameworksBuildPhase;
			buildActionMask = 2147483647;
			files = (
			);
			runOnlyForDeploymentPostprocessing = 0;
		};
		FB97CDE41D441B610022CC4A /* Frameworks */ = {
			isa = PBXFrameworksBuildPhase;
			buildActionMask = 2147483647;
			files = (
			);
			runOnlyForDeploymentPostprocessing = 0;
		};
/* End PBXFrameworksBuildPhase section */

/* Begin PBXGroup section */
		FB97CDC81D441B610022CC4A = {
			isa = PBXGroup;
			children = (
				FB97CDD31D441B610022CC4A /* ProjectFiles */,
				FB97CDEA1D441B610022CC4A /* ProjectTests */,
				FB97CDD21D441B610022CC4A /* Products */,
			);
			sourceTree = "<group>";
		};
		FB97CDD21D441B610022CC4A /* Products */ = {
			isa = PBXGroup;
			children = (
				FB97CDD11D441B610022CC4A /* FinalProject.app */,
				FB97CDE71D441B610022CC4A /* FinalProject.xctest */,
			);
			name = Products;
			sourceTree = "<group>";
		};
		FB97CDD31D441B610022CC4A /* ProjectFiles */ = {
			isa = PBXGroup;
			children = (
				FB97CDD41D441B610022CC4A /* AppDelegate.swift */,
				FB97CDF81D4424C90022CC4A /* StatisticsViewController.swift */,
				FB97CDD61D441B610022CC4A /* InstrumentationViewController.swift */,
				FB97CDD81D441B610022CC4A /* SimulationViewController.swift */,
				FB97CDFA1D4439FF0022CC4A /* ConfigurationViewController.swift */,
				FB97CDFC1D443A450022CC4A /* ConfigurationEditorViewController.swift */,
				FB97CDFE1D443A8D0022CC4A /* GridView.swift */,
				FB97CDF61D44249F0022CC4A /* Engine.swift */,
				FB97CDDA1D441B610022CC4A /* Main.storyboard */,
				FB97CDDD1D441B610022CC4A /* Assets.xcassets */,
				FB97CDDF1D441B610022CC4A /* LaunchScreen.storyboard */,
				FB97CDE21D441B610022CC4A /* Info.plist */,
			);
			name = ProjectFiles;
			path = ProjectPrototype;
			sourceTree = "<group>";
		};
		FB97CDEA1D441B610022CC4A /* ProjectTests */ = {
			isa = PBXGroup;
			children = (
				FB97CDEB1D441B610022CC4A /* ProjectPrototypeTests.swift */,
				FB97CDED1D441B610022CC4A /* Info.plist */,
			);
			name = ProjectTests;
			path = ProjectPrototypeTests;
			sourceTree = "<group>";
		};
/* End PBXGroup section */

/* Begin PBXNativeTarget section */
		FB97CDD01D441B610022CC4A /* FinalProject */ = {
			isa = PBXNativeTarget;
			buildConfigurationList = FB97CDF01D441B610022CC4A /* Build configuration list for PBXNativeTarget "FinalProject" */;
			buildPhases = (
				FB97CDCD1D441B610022CC4A /* Sources */,
				FB97CDCE1D441B610022CC4A /* Frameworks */,
				FB97CDCF1D441B610022CC4A /* Resources */,
			);
			buildRules = (
			);
			dependencies = (
			);
			name = FinalProject;
			productName = ProjectPrototype;
			productReference = FB97CDD11D441B610022CC4A /* FinalProject.app */;
			productType = "com.apple.product-type.application";
		};
		FB97CDE61D441B610022CC4A /* FinalProjectTests */ = {
			isa = PBXNativeTarget;
			buildConfigurationList = FB97CDF31D441B610022CC4A /* Build configuration list for PBXNativeTarget "FinalProjectTests" */;
			buildPhases = (
				FB97CDE31D441B610022CC4A /* Sources */,
				FB97CDE41D441B610022CC4A /* Frameworks */,
				FB97CDE51D441B610022CC4A /* Resources */,
			);
			buildRules = (
			);
			dependencies = (
				FB97CDE91D441B610022CC4A /* PBXTargetDependency */,
			);
			name = FinalProjectTests;
			productName = ProjectPrototypeTests;
			productReference = FB97CDE71D441B610022CC4A /* FinalProject.xctest */;
			productType = "com.apple.product-type.bundle.unit-test";
		};
/* End PBXNativeTarget section */

/* Begin PBXProject section */
		FB97CDC91D441B610022CC4A /* Project object */ = {
			isa = PBXProject;
			attributes = {
				LastSwiftUpdateCheck = 0730;
				LastUpgradeCheck = 0730;
				ORGANIZATIONNAME = S65g;
				TargetAttributes = {
					FB97CDD01D441B610022CC4A = {
						CreatedOnToolsVersion = 7.3.1;
					};
					FB97CDE61D441B610022CC4A = {
						CreatedOnToolsVersion = 7.3.1;
						TestTargetID = FB97CDD01D441B610022CC4A;
					};
				};
			};
			buildConfigurationList = FB97CDCC1D441B610022CC4A /* Build configuration list for PBXProject "FinalProject" */;
			compatibilityVersion = "Xcode 3.2";
			developmentRegion = English;
			hasScannedForEncodings = 0;
			knownRegions = (
				en,
				Base,
			);
			mainGroup = FB97CDC81D441B610022CC4A;
			productRefGroup = FB97CDD21D441B610022CC4A /* Products */;
			projectDirPath = "";
			projectRoot = "";
			targets = (
				FB97CDD01D441B610022CC4A /* FinalProject */,
				FB97CDE61D441B610022CC4A /* FinalProjectTests */,
			);
		};
/* End PBXProject section */

/* Begin PBXResourcesBuildPhase section */
		FB97CDCF1D441B610022CC4A /* Resources */ = {
			isa = PBXResourcesBuildPhase;
			buildActionMask = 2147483647;
			files = (
				FB97CDE11D441B610022CC4A /* LaunchScreen.storyboard in Resources */,
				FB97CDDE1D441B610022CC4A /* Assets.xcassets in Resources */,
				FB97CDDC1D441B610022CC4A /* Main.storyboard in Resources */,
			);
			runOnlyForDeploymentPostprocessing = 0;
		};
		FB97CDE51D441B610022CC4A /* Resources */ = {
			isa = PBXResourcesBuildPhase;
			buildActionMask = 2147483647;
			files = (
			);
			runOnlyForDeploymentPostprocessing = 0;
		};
/* End PBXResourcesBuildPhase section */

/* Begin PBXSourcesBuildPhase section */
		FB97CDCD1D441B610022CC4A /* Sources */ = {
			isa = PBXSourcesBuildPhase;
			buildActionMask = 2147483647;
			files = (
				FB97CDD91D441B610022CC4A /* SimulationViewController.swift in Sources */,
				FB97CDF91D4424C90022CC4A /* StatisticsViewController.swift in Sources */,
				FB97CDFF1D443A8D0022CC4A /* GridView.swift in Sources */,
				FB97CDF71D44249F0022CC4A /* Engine.swift in Sources */,
				FB97CDFD1D443A450022CC4A /* ConfigurationEditorViewController.swift in Sources */,
				FB97CDD51D441B610022CC4A /* AppDelegate.swift in Sources */,
				FB97CDD71D441B610022CC4A /* InstrumentationViewController.swift in Sources */,
				FB97CDFB1D4439FF0022CC4A /* ConfigurationViewController.swift in Sources */,
			);
			runOnlyForDeploymentPostprocessing = 0;
		};
		FB97CDE31D441B610022CC4A /* Sources */ = {
			isa = PBXSourcesBuildPhase;
			buildActionMask = 2147483647;
			files = (
				FB97CDEC1D441B610022CC4A /* ProjectPrototypeTests.swift in Sources */,
			);
			runOnlyForDeploymentPostprocessing = 0;
		};
/* End PBXSourcesBuildPhase section */

/* Begin PBXTargetDependency section */
		FB97CDE91D441B610022CC4A /* PBXTargetDependency */ = {
			isa = PBXTargetDependency;
			target = FB97CDD01D441B610022CC4A /* FinalProject */;
			targetProxy = FB97CDE81D441B610022CC4A /* PBXContainerItemProxy */;
		};
/* End PBXTargetDependency section */

/* Begin PBXVariantGroup section */
		FB97CDDA1D441B610022CC4A /* Main.storyboard */ = {
			isa = PBXVariantGroup;
			children = (
				FB97CDDB1D441B610022CC4A /* Base */,
			);
			name = Main.storyboard;
			sourceTree = "<group>";
		};
		FB97CDDF1D441B610022CC4A /* LaunchScreen.storyboard */ = {
			isa = PBXVariantGroup;
			children = (
				FB97CDE01D441B610022CC4A /* Base */,
			);
			name = LaunchScreen.storyboard;
			sourceTree = "<group>";
		};
/* End PBXVariantGroup section */

/* Begin XCBuildConfiguration section */
		FB97CDEE1D441B610022CC4A /* Debug */ = {
			isa = XCBuildConfiguration;
			buildSettings = {
				ALWAYS_SEARCH_USER_PATHS = NO;
				CLANG_ANALYZER_NONNULL = YES;
				CLANG_CXX_LANGUAGE_STANDARD = "gnu++0x";
				CLANG_CXX_LIBRARY = "libc++";
				CLANG_ENABLE_MODULES = YES;
				CLANG_ENABLE_OBJC_ARC = YES;
				CLANG_WARN_BOOL_CONVERSION = YES;
				CLANG_WARN_CONSTANT_CONVERSION = YES;
				CLANG_WARN_DIRECT_OBJC_ISA_USAGE = YES_ERROR;
				CLANG_WARN_EMPTY_BODY = YES;
				CLANG_WARN_ENUM_CONVERSION = YES;
				CLANG_WARN_INT_CONVERSION = YES;
				CLANG_WARN_OBJC_ROOT_CLASS = YES_ERROR;
				CLANG_WARN_UNREACHABLE_CODE = YES;
				CLANG_WARN__DUPLICATE_METHOD_MATCH = YES;
				"CODE_SIGN_IDENTITY[sdk=iphoneos*]" = "iPhone Developer";
				COPY_PHASE_STRIP = NO;
				DEBUG_INFORMATION_FORMAT = dwarf;
				ENABLE_STRICT_OBJC_MSGSEND = YES;
				ENABLE_TESTABILITY = YES;
				GCC_C_LANGUAGE_STANDARD = gnu99;
				GCC_DYNAMIC_NO_PIC = NO;
				GCC_NO_COMMON_BLOCKS = YES;
				GCC_OPTIMIZATION_LEVEL = 0;
				GCC_PREPROCESSOR_DEFINITIONS = (
					"DEBUG=1",
					"$(inherited)",
				);
				GCC_WARN_64_TO_32_BIT_CONVERSION = YES;
				GCC_WARN_ABOUT_RETURN_TYPE = YES_ERROR;
				GCC_WARN_UNDECLARED_SELECTOR = YES;
				GCC_WARN_UNINITIALIZED_AUTOS = YES_AGGRESSIVE;
				GCC_WARN_UNUSED_FUNCTION = YES;
				GCC_WARN_UNUSED_VARIABLE = YES;
				IPHONEOS_DEPLOYMENT_TARGET = 9.3;
				MTL_ENABLE_DEBUG_INFO = YES;
				ONLY_ACTIVE_ARCH = YES;
				SDKROOT = iphoneos;
				SWIFT_OPTIMIZATION_LEVEL = "-Onone";
				TARGETED_DEVICE_FAMILY = "1,2";
			};
			name = Debug;
		};
		FB97CDEF1D441B610022CC4A /* Release */ = {
			isa = XCBuildConfiguration;
			buildSettings = {
				ALWAYS_SEARCH_USER_PATHS = NO;
				CLANG_ANALYZER_NONNULL = YES;
				CLANG_CXX_LANGUAGE_STANDARD = "gnu++0x";
				CLANG_CXX_LIBRARY = "libc++";
				CLANG_ENABLE_MODULES = YES;
				CLANG_ENABLE_OBJC_ARC = YES;
				CLANG_WARN_BOOL_CONVERSION = YES;
				CLANG_WARN_CONSTANT_CONVERSION = YES;
				CLANG_WARN_DIRECT_OBJC_ISA_USAGE = YES_ERROR;
				CLANG_WARN_EMPTY_BODY = YES;
				CLANG_WARN_ENUM_CONVERSION = YES;
				CLANG_WARN_INT_CONVERSION = YES;
				CLANG_WARN_OBJC_ROOT_CLASS = YES_ERROR;
				CLANG_WARN_UNREACHABLE_CODE = YES;
				CLANG_WARN__DUPLICATE_METHOD_MATCH = YES;
				"CODE_SIGN_IDENTITY[sdk=iphoneos*]" = "iPhone Developer";
				COPY_PHASE_STRIP = NO;
				DEBUG_INFORMATION_FORMAT = "dwarf-with-dsym";
				ENABLE_NS_ASSERTIONS = NO;
				ENABLE_STRICT_OBJC_MSGSEND = YES;
				GCC_C_LANGUAGE_STANDARD = gnu99;
				GCC_NO_COMMON_BLOCKS = YES;
				GCC_WARN_64_TO_32_BIT_CONVERSION = YES;
				GCC_WARN_ABOUT_RETURN_TYPE = YES_ERROR;
				GCC_WARN_UNDECLARED_SELECTOR = YES;
				GCC_WARN_UNINITIALIZED_AUTOS = YES_AGGRESSIVE;
				GCC_WARN_UNUSED_FUNCTION = YES;
				GCC_WARN_UNUSED_VARIABLE = YES;
				IPHONEOS_DEPLOYMENT_TARGET = 9.3;
				MTL_ENABLE_DEBUG_INFO = NO;
				SDKROOT = iphoneos;
				TARGETED_DEVICE_FAMILY = "1,2";
				VALIDATE_PRODUCT = YES;
			};
			name = Release;
		};
		FB97CDF11D441B610022CC4A /* Debug */ = {
			isa = XCBuildConfiguration;
			buildSettings = {
				ASSETCATALOG_COMPILER_APPICON_NAME = AppIcon;
				INFOPLIST_FILE = ProjectPrototype/Info.plist;
				LD_RUNPATH_SEARCH_PATHS = "$(inherited) @executable_path/Frameworks";
				PRODUCT_BUNDLE_IDENTIFIER = FinalProject;
				PRODUCT_NAME = FinalProject;
			};
			name = Debug;
		};
		FB97CDF21D441B610022CC4A /* Release */ = {
			isa = XCBuildConfiguration;
			buildSettings = {
				ASSETCATALOG_COMPILER_APPICON_NAME = AppIcon;
				INFOPLIST_FILE = ProjectPrototype/Info.plist;
				LD_RUNPATH_SEARCH_PATHS = "$(inherited) @executable_path/Frameworks";
				PRODUCT_BUNDLE_IDENTIFIER = FinalProject;
				PRODUCT_NAME = FinalProject;
			};
			name = Release;
		};
		FB97CDF41D441B610022CC4A /* Debug */ = {
			isa = XCBuildConfiguration;
			buildSettings = {
				BUNDLE_LOADER = "$(TEST_HOST)";
				INFOPLIST_FILE = ProjectPrototypeTests/Info.plist;
				LD_RUNPATH_SEARCH_PATHS = "$(inherited) @executable_path/Frameworks @loader_path/Frameworks";
				PRODUCT_BUNDLE_IDENTIFIER = edu.harvard.s65g.ProjectPrototypeTests;
				PRODUCT_NAME = FinalProject;
				TEST_HOST = "$(BUILT_PRODUCTS_DIR)/FinalProject.app/FinalProject";
			};
			name = Debug;
		};
		FB97CDF51D441B610022CC4A /* Release */ = {
			isa = XCBuildConfiguration;
			buildSettings = {
				BUNDLE_LOADER = "$(TEST_HOST)";
				INFOPLIST_FILE = ProjectPrototypeTests/Info.plist;
				LD_RUNPATH_SEARCH_PATHS = "$(inherited) @executable_path/Frameworks @loader_path/Frameworks";
				PRODUCT_BUNDLE_IDENTIFIER = edu.harvard.s65g.ProjectPrototypeTests;
				PRODUCT_NAME = FinalProject;
				TEST_HOST = "$(BUILT_PRODUCTS_DIR)/FinalProject.app/FinalProject";
			};
			name = Release;
		};
/* End XCBuildConfiguration section */

/* Begin XCConfigurationList section */
		FB97CDCC1D441B610022CC4A /* Build configuration list for PBXProject "FinalProject" */ = {
			isa = XCConfigurationList;
			buildConfigurations = (
				FB97CDEE1D441B610022CC4A /* Debug */,
				FB97CDEF1D441B610022CC4A /* Release */,
			);
			defaultConfigurationIsVisible = 0;
			defaultConfigurationName = Release;
		};
		FB97CDF01D441B610022CC4A /* Build configuration list for PBXNativeTarget "FinalProject" */ = {
			isa = XCConfigurationList;
			buildConfigurations = (
				FB97CDF11D441B610022CC4A /* Debug */,
				FB97CDF21D441B610022CC4A /* Release */,
			);
			defaultConfigurationIsVisible = 0;
			defaultConfigurationName = Release;
		};
		FB97CDF31D441B610022CC4A /* Build configuration list for PBXNativeTarget "FinalProjectTests" */ = {
			isa = XCConfigurationList;
			buildConfigurations = (
				FB97CDF41D441B610022CC4A /* Debug */,
				FB97CDF51D441B610022CC4A /* Release */,
			);
			defaultConfigurationIsVisible = 0;
			defaultConfigurationName = Release;
		};
/* End XCConfigurationList section */
	};
	rootObject = FB97CDC91D441B610022CC4A /* Project object */;
}
